// !$*UTF8*$!
{
	archiveVersion = 1;
	classes = {
	};
	objectVersion = 46;
	objects = {

/* Begin PBXBuildFile section */
		0207DA581B56EA530066E2B4 /* Images.xcassets in Resources */ = {isa = PBXBuildFile; fileRef = 0207DA571B56EA530066E2B4 /* Images.xcassets */; };
		08C7034E9AB44499AFA7BC11 /* FirebasePerformance.framework in Frameworks */ = {isa = PBXBuildFile; fileRef = E1811739A2F3474CA02059BA /* FirebasePerformance.framework */; };
		0F7C263B04EC42D08BCFE49C /* CDVJpegHeaderWriter.m in Sources */ = {isa = PBXBuildFile; fileRef = 59AA54A149F74F12A6EF04C9 /* CDVJpegHeaderWriter.m */; };
		10C7A7E4A8094A56A6EA867A /* RequestLocationAccuracy.m in Sources */ = {isa = PBXBuildFile; fileRef = 46AFF1FF91FE4DB1885429D9 /* RequestLocationAccuracy.m */; };
		12531950AF354246B0FE8E96 /* FirebaseAnalytics.framework in Frameworks */ = {isa = PBXBuildFile; fileRef = FE69F839EE584C969315D904 /* FirebaseAnalytics.framework */; };
		145E2E7D096C443FBF5F99B0 /* Contacts.framework in Frameworks */ = {isa = PBXBuildFile; fileRef = C52BEFE0FDEA436DAAB68899 /* Contacts.framework */; };
		151165C37D454CF3BFB76590 /* GCDWebServerFileRequest.m in Sources */ = {isa = PBXBuildFile; fileRef = BAC1A06F252A491AB98A32AF /* GCDWebServerFileRequest.m */; };
		18F329FDDB7B4A1FAD40DC68 /* FirebasePlugin.m in Sources */ = {isa = PBXBuildFile; fileRef = 1022F3B8BC8749228E92971A /* FirebasePlugin.m */; };
		1D3623260D0F684500981E51 /* AppDelegate.m in Sources */ = {isa = PBXBuildFile; fileRef = 1D3623250D0F684500981E51 /* AppDelegate.m */; };
		1D60589B0D05DD56006BFB54 /* main.m in Sources */ = {isa = PBXBuildFile; fileRef = 29B97316FDCFA39411CA2CEA /* main.m */; };
		246F79EA00A24919A27CBDFE /* sqlite3.c in Sources */ = {isa = PBXBuildFile; fileRef = DBF5314A5519436AAE89B5DC /* sqlite3.c */; settings = {COMPILER_FLAGS = "-w -DSQLITE_THREADSAFE=1 -DSQLITE_DEFAULT_SYNCHRONOUS=3 -DSQLITE_DEFAULT_MEMSTATUS=0 -DSQLITE_OMIT_DECLTYPE -DSQLITE_OMIT_DEPRECATED -DSQLITE_OMIT_PROGRESS_CALLBACK -DSQLITE_OMIT_SHARED_CACHE -DSQLITE_TEMP_STORE=2 -DSQLITE_OMIT_LOAD_EXTENSION -DSQLITE_ENABLE_FTS3 -DSQLITE_ENABLE_FTS3_PARENTHESIS -DSQLITE_ENABLE_FTS4 -DSQLITE_ENABLE_RTREE -DSQLITE_DEFAULT_PAGE_SIZE=1024 -DSQLITE_DEFAULT_CACHE_SIZE=2000"; }; };
		27C1690F2B9245F584B958CB /* GTMSessionFetcher.framework in Frameworks */ = {isa = PBXBuildFile; fileRef = 259662FA298F45A6AC9AAF6E /* GTMSessionFetcher.framework */; };
		27FE2B3E1D6E488A9EE21A0A /* WebKit.framework in Frameworks */ = {isa = PBXBuildFile; fileRef = 44D1CC994A9942B29F53DD45 /* WebKit.framework */; settings = {ATTRIBUTES = (Weak, ); }; };
		301BF552109A68D80062928A /* libCordova.a in Frameworks */ = {isa = PBXBuildFile; fileRef = 301BF535109A57CC0062928A /* libCordova.a */; };
		302D95F114D2391D003F00A1 /* MainViewController.m in Sources */ = {isa = PBXBuildFile; fileRef = 302D95EF14D2391D003F00A1 /* MainViewController.m */; };
		302D95F214D2391D003F00A1 /* MainViewController.xib in Resources */ = {isa = PBXBuildFile; fileRef = 302D95F014D2391D003F00A1 /* MainViewController.xib */; };
		33E859E18B254837A2A2412D /* Crashlytics.framework in Frameworks */ = {isa = PBXBuildFile; fileRef = 727BD5269E7F4DC6B21CF407 /* Crashlytics.framework */; };
		349E5124F72445E589D55BFF /* GCDWebServerURLEncodedFormRequest.m in Sources */ = {isa = PBXBuildFile; fileRef = 154E300C56E24DE1BD251621 /* GCDWebServerURLEncodedFormRequest.m */; };
		40060B138F9E443797402B40 /* CDVWKWebViewUIDelegate.m in Sources */ = {isa = PBXBuildFile; fileRef = A710C34235984FD09D6B3469 /* CDVWKWebViewUIDelegate.m */; };
		40AC02A979A44D4CA8874E91 /* Diagnostic_Contacts.m in Sources */ = {isa = PBXBuildFile; fileRef = B781C5A8A44E49E6993EACC8 /* Diagnostic_Contacts.m */; };
		481F494F3B9943839747BC65 /* CoreLocation.framework in Frameworks */ = {isa = PBXBuildFile; fileRef = 9D8E3E75FE5C430880A2FFBD /* CoreLocation.framework */; };
		4A7FAC1E3E7443DBBB700119 /* Diagnostic.m in Sources */ = {isa = PBXBuildFile; fileRef = 90B58DA3307543229E68036D /* Diagnostic.m */; };
		51610BF18F764A508471D0D9 /* FirebaseCore.framework in Frameworks */ = {isa = PBXBuildFile; fileRef = F03563EC8D274BC5B74FFD1D /* FirebaseCore.framework */; };
		577E51C26544454698F816BB /* CDVIonicKeyboard.m in Sources */ = {isa = PBXBuildFile; fileRef = 6F46B71433C74306B4CB9495 /* CDVIonicKeyboard.m */; };
		5C3E9D29FFE942FA9EA42ABB /* FirebaseRemoteConfig.framework in Frameworks */ = {isa = PBXBuildFile; fileRef = 37F970970452439BB74C1034 /* FirebaseRemoteConfig.framework */; };
		5EAAB64AF2A74E5FB76956D5 /* FirebaseCoreDiagnostics.framework in Frameworks */ = {isa = PBXBuildFile; fileRef = 4713AD6C972B4D4F9438DEF2 /* FirebaseCoreDiagnostics.framework */; };
		60EC341677264CF897376628 /* Diagnostic_Calendar.m in Sources */ = {isa = PBXBuildFile; fileRef = 71D8356422CB45839A25DC56 /* Diagnostic_Calendar.m */; };
		64C8D21BEAE54AF18FA10E01 /* CDVCamera.m in Sources */ = {isa = PBXBuildFile; fileRef = 634FAC82BF23493BBAF168CE /* CDVCamera.m */; };
		65C38823E2AC4848A3041B4F /* Diagnostic_Bluetooth.m in Sources */ = {isa = PBXBuildFile; fileRef = 77271CD3F1604FD2B4CACC19 /* Diagnostic_Bluetooth.m */; };
		6AFF5BF91D6E424B00AB3073 /* CDVLaunchScreen.storyboard in Resources */ = {isa = PBXBuildFile; fileRef = 6AFF5BF81D6E424B00AB3073 /* CDVLaunchScreen.storyboard */; };
		6F8D6E6259584C6989FC968F /* GoogleToolboxForMac.framework in Frameworks */ = {isa = PBXBuildFile; fileRef = 072702BD28F449E4B96C6998 /* GoogleToolboxForMac.framework */; };
		6FFCC56CFD314482BDEC9B93 /* Diagnostic_Notifications.m in Sources */ = {isa = PBXBuildFile; fileRef = F8338E8743914E2D840970E1 /* Diagnostic_Notifications.m */; };
		732ABDCA11334B68BD91F03C /* GCDWebServerErrorResponse.m in Sources */ = {isa = PBXBuildFile; fileRef = 28F97775DA064ABF9904673D /* GCDWebServerErrorResponse.m */; };
		741AE9326BE74B08A89C60A8 /* GoogleService-Info.plist in Resources */ = {isa = PBXBuildFile; fileRef = 0A69B772232B4397BB5DBAED /* GoogleService-Info.plist */; };
		794DC81DF64A4C9FBEACF825 /* Protobuf.framework in Frameworks */ = {isa = PBXBuildFile; fileRef = 4311BCD9ED264FDA851707F5 /* Protobuf.framework */; };
		7C4EDA44FD28451796251158 /* Fabric.framework in Frameworks */ = {isa = PBXBuildFile; fileRef = 6D6CD31598F046BDA50ABBB5 /* Fabric.framework */; };
		7D56F87ADBA340CB96A551BB /* FirebaseAuth.framework in Frameworks */ = {isa = PBXBuildFile; fileRef = 8F7A898E75A346BEBB820ACF /* FirebaseAuth.framework */; };
		7D5D31F500A747288BAECD68 /* FirebaseInstanceID.framework in Frameworks */ = {isa = PBXBuildFile; fileRef = 08C79E329D134097AA6D58DC /* FirebaseInstanceID.framework */; };
		7F89EB6BA7A34E018A124D43 /* CoreBluetooth.framework in Frameworks */ = {isa = PBXBuildFile; fileRef = D4A9C9FCCA314CB98176CABB /* CoreBluetooth.framework */; };
		82D123541E6E47BBAD80AC91 /* CDVViewController+SplashScreen.m in Sources */ = {isa = PBXBuildFile; fileRef = DA4929B7E67F4BFF8F2A06AD /* CDVViewController+SplashScreen.m */; };
		858E0D23AB284E1EAB2A94A5 /* GCDWebServerStreamedResponse.m in Sources */ = {isa = PBXBuildFile; fileRef = 84C4C6BBB35340DDBA2212A7 /* GCDWebServerStreamedResponse.m */; };
		8E050A58E05A4A1CB1420DBF /* FirebaseISASwizzler.framework in Frameworks */ = {isa = PBXBuildFile; fileRef = EDC3F75882C54B53A14569D9 /* FirebaseISASwizzler.framework */; };
		933A477B521A4329AA27A8D7 /* FirebaseNanoPB.framework in Frameworks */ = {isa = PBXBuildFile; fileRef = 6584375561494086963A542C /* FirebaseNanoPB.framework */; };
		933ECD753FDA4AA8A7261697 /* nanopb.framework in Frameworks */ = {isa = PBXBuildFile; fileRef = 8541C412719B486782919EC1 /* nanopb.framework */; };
		95DB3915AD1849EA87511E8F /* GCDWebServerMultiPartFormRequest.m in Sources */ = {isa = PBXBuildFile; fileRef = B782DCD36A3A45B5BEBB8DB8 /* GCDWebServerMultiPartFormRequest.m */; };
		9A36F6923CB14D94AF6A6501 /* GCDWebServerDataRequest.m in Sources */ = {isa = PBXBuildFile; fileRef = B1A910823F564077A2683CDA /* GCDWebServerDataRequest.m */; };
		9A9DF538E2E74D30B94817DF /* FirebaseMessaging.framework in Frameworks */ = {isa = PBXBuildFile; fileRef = 76E06E9A7D2A49E6AB901DA4 /* FirebaseMessaging.framework */; };
		9AD4991071D24F1BA81719D4 /* GCDWebServerConnection.m in Sources */ = {isa = PBXBuildFile; fileRef = 92616409EDFE4955A53D6BAE /* GCDWebServerConnection.m */; };
		9D69CDF799F44E858E12C9EC /* FirebaseMethodSwizzler.framework in Frameworks */ = {isa = PBXBuildFile; fileRef = C4C07B0855ED4EEC8E827769 /* FirebaseMethodSwizzler.framework */; };
		9E2834D0DBBD45BAB04635DD /* GCDWebServerDataResponse.m in Sources */ = {isa = PBXBuildFile; fileRef = FC403422C90B4ACF91AD6673 /* GCDWebServerDataResponse.m */; };
		9E83E820CA564F79BAF8D5AE /* Diagnostic_Reminders.m in Sources */ = {isa = PBXBuildFile; fileRef = 79ED68573FF4493F813A868F /* Diagnostic_Reminders.m */; };
		A873D8DD29654B04BAA490A4 /* CDVLocation.m in Sources */ = {isa = PBXBuildFile; fileRef = 8AE1FF819BEC4C09B9DE6088 /* CDVLocation.m */; };
		A932E06343BE4D2BAE55E551 /* GCDWebServerResponse.m in Sources */ = {isa = PBXBuildFile; fileRef = 45CB393B515D481DB39CF5D4 /* GCDWebServerResponse.m */; };
		A9BC04F8C5664845936FD663 /* AVFoundation.framework in Frameworks */ = {isa = PBXBuildFile; fileRef = 6ADE17A5A98545D588902237 /* AVFoundation.framework */; };
		AFA12D1901BD4C1FA4BDF321 /* CDVSplashScreen.m in Sources */ = {isa = PBXBuildFile; fileRef = 17108AB9B87E40BA8A7A538F /* CDVSplashScreen.m */; };
		B3E32050F2784BBBBB9B7747 /* Diagnostic_Wifi.m in Sources */ = {isa = PBXBuildFile; fileRef = 92017EAE925D410096938D15 /* Diagnostic_Wifi.m */; };
		B69C3BDFB6594E6EA355A59C /* EventKit.framework in Frameworks */ = {isa = PBXBuildFile; fileRef = B01B3CB98D6F445DA79A78D6 /* EventKit.framework */; };
		B782226986624F88BDF385FD /* CDVDevice.m in Sources */ = {isa = PBXBuildFile; fileRef = 3FD423C3619C45FAB48159E5 /* CDVDevice.m */; };
		BA9DDAB07C4D468E9C4F8F7D /* CoreMotion.framework in Frameworks */ = {isa = PBXBuildFile; fileRef = CB1E65E2D0024358A84016C2 /* CoreMotion.framework */; };
		C18B7DA366014A0EBF081E60 /* AppDelegate+FirebasePlugin.m in Sources */ = {isa = PBXBuildFile; fileRef = 99079D3464C742C18EA5DE38 /* AppDelegate+FirebasePlugin.m */; };
		C18CC097D48547B0AC397875 /* Diagnostic_Camera.m in Sources */ = {isa = PBXBuildFile; fileRef = C7F5EA1CDBD8457489A982C8 /* Diagnostic_Camera.m */; };
		C2EB896CD0E143DA994C0813 /* UIImage+CropScaleOrientation.m in Sources */ = {isa = PBXBuildFile; fileRef = 6DA681210D1A472D8A1A0CBF /* UIImage+CropScaleOrientation.m */; };
		C526D8B40DFB44F794D6EBFC /* FirebaseABTesting.framework in Frameworks */ = {isa = PBXBuildFile; fileRef = 897155814E7C4C529B49033C /* FirebaseABTesting.framework */; };
		C5657815E4BB4E358A1505E9 /* Diagnostic_Motion.m in Sources */ = {isa = PBXBuildFile; fileRef = DD982C9A044B423685B67F38 /* Diagnostic_Motion.m */; };
		C84DF811DA444D7DBCA644A5 /* AddressBook.framework in Frameworks */ = {isa = PBXBuildFile; fileRef = 3A8837405A1A4A6991A4304B /* AddressBook.framework */; };
		C9F5772D446E4E939722CFB9 /* CDVWKProcessPoolFactory.m in Sources */ = {isa = PBXBuildFile; fileRef = DD1FBC00093B45FFBB62AFB0 /* CDVWKProcessPoolFactory.m */; };
		CABFD596ADC5460E8DA39D6F /* PSPDFThreadSafeMutableDictionary.m in Sources */ = {isa = PBXBuildFile; fileRef = 49CD4A8CEE864DECA7259433 /* PSPDFThreadSafeMutableDictionary.m */; settings = {COMPILER_FLAGS = "-w"; }; };
		CB3022DA01804C7EBAD6F561 /* libz.tbd in Frameworks */ = {isa = PBXBuildFile; fileRef = 4C61728CB1A44619BB58E99C /* libz.tbd */; };
		CC9B6DEE4A14474D85BF4B59 /* Diagnostic_Microphone.m in Sources */ = {isa = PBXBuildFile; fileRef = 05C61A09753245EA8AFC23F0 /* Diagnostic_Microphone.m */; };
		D6F03D2AC21949E0AAC21776 /* Photos.framework in Frameworks */ = {isa = PBXBuildFile; fileRef = 266596D0DC724BA1AD830E29 /* Photos.framework */; };
		D7CF6FAB14B4475F99A18F9A /* Diagnostic_Location.m in Sources */ = {isa = PBXBuildFile; fileRef = BDAECED3B84A415997019490 /* Diagnostic_Location.m */; };
		D9BBA4348EB6489795F9B213 /* GCDWebServer.m in Sources */ = {isa = PBXBuildFile; fileRef = D55A916C6AF24843897C5DD0 /* GCDWebServer.m */; };
		DA69A4465AFB4ECD9321F7D7 /* GCDWebServerFunctions.m in Sources */ = {isa = PBXBuildFile; fileRef = 4B6F67EDAD0448E2AA9C459E /* GCDWebServerFunctions.m */; };
		DDD6DE24B5164DB49FEB58AA /* SQLitePlugin.m in Sources */ = {isa = PBXBuildFile; fileRef = F82719A488214CFAB74950B5 /* SQLitePlugin.m */; };
		E048B566C69A4864A4D10973 /* GCDWebServerFileResponse.m in Sources */ = {isa = PBXBuildFile; fileRef = F3F80E8AABF24C5DA2B4E307 /* GCDWebServerFileResponse.m */; };
		ECBE64BD57EE46E9B13569CE /* GCDWebServerRequest.m in Sources */ = {isa = PBXBuildFile; fileRef = 057E1A07615E46DFB13E09BF /* GCDWebServerRequest.m */; };
		F12C222FD41A406D96C16E9F /* CDVWKWebViewEngine.m in Sources */ = {isa = PBXBuildFile; fileRef = 3BA6DCF1C9144EA2A10470F8 /* CDVWKWebViewEngine.m */; };
		F3899E01B0D7497B988DB385 /* UserNotifications.framework in Frameworks */ = {isa = PBXBuildFile; fileRef = D66F13A660DD4E1498D408FA /* UserNotifications.framework */; };
		F98378950B8048BF9E00663F /* ImageIO.framework in Frameworks */ = {isa = PBXBuildFile; fileRef = A9F33A0E9EAA4BD4A7AE012B /* ImageIO.framework */; settings = {ATTRIBUTES = (Weak, ); }; };
/* End PBXBuildFile section */

/* Begin PBXContainerItemProxy section */
		301BF534109A57CC0062928A /* PBXContainerItemProxy */ = {
			isa = PBXContainerItemProxy;
			containerPortal = 301BF52D109A57CC0062928A /* CordovaLib/CordovaLib.xcodeproj */;
			proxyType = 2;
			remoteGlobalIDString = D2AAC07E0554694100DB518D;
			remoteInfo = CordovaLib;
		};
		301BF550109A68C00062928A /* PBXContainerItemProxy */ = {
			isa = PBXContainerItemProxy;
			containerPortal = 301BF52D109A57CC0062928A /* CordovaLib/CordovaLib.xcodeproj */;
			proxyType = 1;
			remoteGlobalIDString = D2AAC07D0554694100DB518D;
			remoteInfo = CordovaLib;
		};
		9A75BFB92204EAEC007FCBFE /* PBXContainerItemProxy */ = {
			isa = PBXContainerItemProxy;
			containerPortal = 301BF52D109A57CC0062928A /* CordovaLib/CordovaLib.xcodeproj */;
			proxyType = 2;
			remoteGlobalIDString = C0C01EB21E3911D50056E6CB;
			remoteInfo = Cordova;
		};
/* End PBXContainerItemProxy section */

/* Begin PBXFileReference section */
		0207DA571B56EA530066E2B4 /* Images.xcassets */ = {isa = PBXFileReference; lastKnownFileType = folder.assetcatalog; name = Images.xcassets; path = MSBC/Images.xcassets; sourceTree = SOURCE_ROOT; };
		022CA8E8B249407ABB9BC215 /* FirebasePlugin.h */ = {isa = PBXFileReference; explicitFileType = undefined; fileEncoding = 4; includeInIndex = 0; lastKnownFileType = sourcecode.c.h; name = FirebasePlugin.h; path = "cordova-plugin-firebase/FirebasePlugin.h"; sourceTree = "<group>"; };
		0290A5BBF1C1488B8A76B19C /* GCDWebServerResponse.h */ = {isa = PBXFileReference; explicitFileType = undefined; fileEncoding = 4; includeInIndex = 0; lastKnownFileType = sourcecode.c.h; name = GCDWebServerResponse.h; path = "cordova-plugin-ionic-webview/GCDWebServerResponse.h"; sourceTree = "<group>"; };
		057E1A07615E46DFB13E09BF /* GCDWebServerRequest.m */ = {isa = PBXFileReference; explicitFileType = undefined; fileEncoding = 4; includeInIndex = 0; lastKnownFileType = sourcecode.c.objc; name = GCDWebServerRequest.m; path = "cordova-plugin-ionic-webview/GCDWebServerRequest.m"; sourceTree = "<group>"; };
		05924F1D6BF2415EAAC66858 /* Diagnostic_Wifi.h */ = {isa = PBXFileReference; explicitFileType = undefined; fileEncoding = 4; includeInIndex = 0; lastKnownFileType = sourcecode.c.h; name = Diagnostic_Wifi.h; path = cordova.plugins.diagnostic/Diagnostic_Wifi.h; sourceTree = "<group>"; };
		05C61A09753245EA8AFC23F0 /* Diagnostic_Microphone.m */ = {isa = PBXFileReference; explicitFileType = undefined; fileEncoding = 4; includeInIndex = 0; lastKnownFileType = sourcecode.c.objc; name = Diagnostic_Microphone.m; path = cordova.plugins.diagnostic/Diagnostic_Microphone.m; sourceTree = "<group>"; };
		072702BD28F449E4B96C6998 /* GoogleToolboxForMac.framework */ = {isa = PBXFileReference; explicitFileType = undefined; fileEncoding = 9; includeInIndex = 0; lastKnownFileType = wrapper.framework; name = GoogleToolboxForMac.framework; path = "MSBC/Plugins/cordova-plugin-firebase/GoogleToolboxForMac.framework"; sourceTree = "<group>"; };
		08C79E329D134097AA6D58DC /* FirebaseInstanceID.framework */ = {isa = PBXFileReference; explicitFileType = undefined; fileEncoding = 9; includeInIndex = 0; lastKnownFileType = wrapper.framework; name = FirebaseInstanceID.framework; path = "MSBC/Plugins/cordova-plugin-firebase/FirebaseInstanceID.framework"; sourceTree = "<group>"; };
		0A69B772232B4397BB5DBAED /* GoogleService-Info.plist */ = {isa = PBXFileReference; explicitFileType = undefined; fileEncoding = 4; includeInIndex = 0; lastKnownFileType = text.plist.xml; path = "GoogleService-Info.plist"; sourceTree = "<group>"; };
		0BE1AFD3E23849978F88DE0D /* Diagnostic.h */ = {isa = PBXFileReference; explicitFileType = undefined; fileEncoding = 4; includeInIndex = 0; lastKnownFileType = sourcecode.c.h; name = Diagnostic.h; path = cordova.plugins.diagnostic/Diagnostic.h; sourceTree = "<group>"; };
		1022F3B8BC8749228E92971A /* FirebasePlugin.m */ = {isa = PBXFileReference; explicitFileType = undefined; fileEncoding = 4; includeInIndex = 0; lastKnownFileType = sourcecode.c.objc; name = FirebasePlugin.m; path = "cordova-plugin-firebase/FirebasePlugin.m"; sourceTree = "<group>"; };
		12D656E1A6B6449FB4206A41 /* GCDWebServerMultiPartFormRequest.h */ = {isa = PBXFileReference; explicitFileType = undefined; fileEncoding = 4; includeInIndex = 0; lastKnownFileType = sourcecode.c.h; name = GCDWebServerMultiPartFormRequest.h; path = "cordova-plugin-ionic-webview/GCDWebServerMultiPartFormRequest.h"; sourceTree = "<group>"; };
		154E300C56E24DE1BD251621 /* GCDWebServerURLEncodedFormRequest.m */ = {isa = PBXFileReference; explicitFileType = undefined; fileEncoding = 4; includeInIndex = 0; lastKnownFileType = sourcecode.c.objc; name = GCDWebServerURLEncodedFormRequest.m; path = "cordova-plugin-ionic-webview/GCDWebServerURLEncodedFormRequest.m"; sourceTree = "<group>"; };
		1587535A6C5A4838AB77C417 /* GCDWebServerStreamedResponse.h */ = {isa = PBXFileReference; explicitFileType = undefined; fileEncoding = 4; includeInIndex = 0; lastKnownFileType = sourcecode.c.h; name = GCDWebServerStreamedResponse.h; path = "cordova-plugin-ionic-webview/GCDWebServerStreamedResponse.h"; sourceTree = "<group>"; };
		17108AB9B87E40BA8A7A538F /* CDVSplashScreen.m */ = {isa = PBXFileReference; explicitFileType = undefined; fileEncoding = 4; includeInIndex = 0; lastKnownFileType = sourcecode.c.objc; name = CDVSplashScreen.m; path = "cordova-plugin-splashscreen/CDVSplashScreen.m"; sourceTree = "<group>"; };
		1D3623240D0F684500981E51 /* AppDelegate.h */ = {isa = PBXFileReference; fileEncoding = 4; lastKnownFileType = sourcecode.c.h; path = AppDelegate.h; sourceTree = "<group>"; };
		1D3623250D0F684500981E51 /* AppDelegate.m */ = {isa = PBXFileReference; fileEncoding = 4; lastKnownFileType = sourcecode.c.objc; path = AppDelegate.m; sourceTree = "<group>"; };
		1D6058910D05DD3D006BFB54 /* MSBC.app */ = {isa = PBXFileReference; explicitFileType = wrapper.application; includeInIndex = 0; path = MSBC.app; sourceTree = BUILT_PRODUCTS_DIR; };
		21A44F4E55D04B5A8EFF45FF /* UIImage+CropScaleOrientation.h */ = {isa = PBXFileReference; explicitFileType = undefined; fileEncoding = 4; includeInIndex = 0; lastKnownFileType = sourcecode.c.h; name = "UIImage+CropScaleOrientation.h"; path = "cordova-plugin-camera/UIImage+CropScaleOrientation.h"; sourceTree = "<group>"; };
		23FBB01AC7DE4E81B03AF1F6 /* GCDWebServerDataResponse.h */ = {isa = PBXFileReference; explicitFileType = undefined; fileEncoding = 4; includeInIndex = 0; lastKnownFileType = sourcecode.c.h; name = GCDWebServerDataResponse.h; path = "cordova-plugin-ionic-webview/GCDWebServerDataResponse.h"; sourceTree = "<group>"; };
		259662FA298F45A6AC9AAF6E /* GTMSessionFetcher.framework */ = {isa = PBXFileReference; explicitFileType = undefined; fileEncoding = 9; includeInIndex = 0; lastKnownFileType = wrapper.framework; name = GTMSessionFetcher.framework; path = "MSBC/Plugins/cordova-plugin-firebase/GTMSessionFetcher.framework"; sourceTree = "<group>"; };
		25B56D04644D469B8411928D /* CDVExif.h */ = {isa = PBXFileReference; explicitFileType = undefined; fileEncoding = 4; includeInIndex = 0; lastKnownFileType = sourcecode.c.h; name = CDVExif.h; path = "cordova-plugin-camera/CDVExif.h"; sourceTree = "<group>"; };
		266596D0DC724BA1AD830E29 /* Photos.framework */ = {isa = PBXFileReference; explicitFileType = undefined; fileEncoding = 9; includeInIndex = 0; lastKnownFileType = wrapper.framework; name = Photos.framework; path = System/Library/Frameworks/Photos.framework; sourceTree = SDKROOT; };
		27749D55B6B84B669368ED0C /* GCDWebServerFileRequest.h */ = {isa = PBXFileReference; explicitFileType = undefined; fileEncoding = 4; includeInIndex = 0; lastKnownFileType = sourcecode.c.h; name = GCDWebServerFileRequest.h; path = "cordova-plugin-ionic-webview/GCDWebServerFileRequest.h"; sourceTree = "<group>"; };
		28F97775DA064ABF9904673D /* GCDWebServerErrorResponse.m */ = {isa = PBXFileReference; explicitFileType = undefined; fileEncoding = 4; includeInIndex = 0; lastKnownFileType = sourcecode.c.objc; name = GCDWebServerErrorResponse.m; path = "cordova-plugin-ionic-webview/GCDWebServerErrorResponse.m"; sourceTree = "<group>"; };
		29B97316FDCFA39411CA2CEA /* main.m */ = {isa = PBXFileReference; fileEncoding = 4; lastKnownFileType = sourcecode.c.objc; path = main.m; sourceTree = "<group>"; };
		29C980DE69064277A17D7E50 /* sqlite3.h */ = {isa = PBXFileReference; explicitFileType = undefined; fileEncoding = 4; includeInIndex = 0; lastKnownFileType = sourcecode.c.h; name = sqlite3.h; path = "cordova-sqlite-storage/sqlite3.h"; sourceTree = "<group>"; };
		2AB0207F9B7E44F099B42E4B /* GCDWebServerRequest.h */ = {isa = PBXFileReference; explicitFileType = undefined; fileEncoding = 4; includeInIndex = 0; lastKnownFileType = sourcecode.c.h; name = GCDWebServerRequest.h; path = "cordova-plugin-ionic-webview/GCDWebServerRequest.h"; sourceTree = "<group>"; };
		2BC708B8190F4848BE082EDE /* GCDWebServerErrorResponse.h */ = {isa = PBXFileReference; explicitFileType = undefined; fileEncoding = 4; includeInIndex = 0; lastKnownFileType = sourcecode.c.h; name = GCDWebServerErrorResponse.h; path = "cordova-plugin-ionic-webview/GCDWebServerErrorResponse.h"; sourceTree = "<group>"; };
		2C0BB9A8AD674A47BF138DD1 /* CDVJpegHeaderWriter.h */ = {isa = PBXFileReference; explicitFileType = undefined; fileEncoding = 4; includeInIndex = 0; lastKnownFileType = sourcecode.c.h; name = CDVJpegHeaderWriter.h; path = "cordova-plugin-camera/CDVJpegHeaderWriter.h"; sourceTree = "<group>"; };
		2CF36AC376024F5CA2898E6D /* Diagnostic_Calendar.h */ = {isa = PBXFileReference; explicitFileType = undefined; fileEncoding = 4; includeInIndex = 0; lastKnownFileType = sourcecode.c.h; name = Diagnostic_Calendar.h; path = cordova.plugins.diagnostic/Diagnostic_Calendar.h; sourceTree = "<group>"; };
		2CFD79754834458986929FD1 /* Diagnostic_Camera.h */ = {isa = PBXFileReference; explicitFileType = undefined; fileEncoding = 4; includeInIndex = 0; lastKnownFileType = sourcecode.c.h; name = Diagnostic_Camera.h; path = cordova.plugins.diagnostic/Diagnostic_Camera.h; sourceTree = "<group>"; };
		2F37A46DBD6848E78D55346F /* GCDWebServerPrivate.h */ = {isa = PBXFileReference; explicitFileType = undefined; fileEncoding = 4; includeInIndex = 0; lastKnownFileType = sourcecode.c.h; name = GCDWebServerPrivate.h; path = "cordova-plugin-ionic-webview/GCDWebServerPrivate.h"; sourceTree = "<group>"; };
		301BF52D109A57CC0062928A /* CordovaLib/CordovaLib.xcodeproj */ = {isa = PBXFileReference; lastKnownFileType = "wrapper.pb-project"; path = CordovaLib/CordovaLib.xcodeproj; sourceTree = "<group>"; };
		301BF56E109A69640062928A /* www */ = {isa = PBXFileReference; lastKnownFileType = folder; path = www; sourceTree = SOURCE_ROOT; };
		302D95EE14D2391D003F00A1 /* MainViewController.h */ = {isa = PBXFileReference; fileEncoding = 4; lastKnownFileType = sourcecode.c.h; path = MainViewController.h; sourceTree = "<group>"; };
		302D95EF14D2391D003F00A1 /* MainViewController.m */ = {isa = PBXFileReference; fileEncoding = 4; lastKnownFileType = sourcecode.c.objc; path = MainViewController.m; sourceTree = "<group>"; };
		302D95F014D2391D003F00A1 /* MainViewController.xib */ = {isa = PBXFileReference; fileEncoding = 4; lastKnownFileType = file.xib; path = MainViewController.xib; sourceTree = "<group>"; };
		3047A50F1AB8059700498E2A /* build-debug.xcconfig */ = {isa = PBXFileReference; fileEncoding = 4; lastKnownFileType = text.xcconfig; name = "build-debug.xcconfig"; path = "cordova/build-debug.xcconfig"; sourceTree = SOURCE_ROOT; };
		3047A5101AB8059700498E2A /* build-release.xcconfig */ = {isa = PBXFileReference; fileEncoding = 4; lastKnownFileType = text.xcconfig; name = "build-release.xcconfig"; path = "cordova/build-release.xcconfig"; sourceTree = SOURCE_ROOT; };
		3047A5111AB8059700498E2A /* build.xcconfig */ = {isa = PBXFileReference; fileEncoding = 4; lastKnownFileType = text.xcconfig; name = build.xcconfig; path = cordova/build.xcconfig; sourceTree = SOURCE_ROOT; };
		32CA4F630368D1EE00C91783 /* MSBC-Prefix.pch */ = {isa = PBXFileReference; fileEncoding = 4; lastKnownFileType = sourcecode.c.h; path = "MSBC-Prefix.pch"; sourceTree = "<group>"; };
		37F970970452439BB74C1034 /* FirebaseRemoteConfig.framework */ = {isa = PBXFileReference; explicitFileType = undefined; fileEncoding = 9; includeInIndex = 0; lastKnownFileType = wrapper.framework; name = FirebaseRemoteConfig.framework; path = "MSBC/Plugins/cordova-plugin-firebase/FirebaseRemoteConfig.framework"; sourceTree = "<group>"; };
		3A8837405A1A4A6991A4304B /* AddressBook.framework */ = {isa = PBXFileReference; explicitFileType = undefined; fileEncoding = 9; includeInIndex = 0; lastKnownFileType = wrapper.framework; name = AddressBook.framework; path = System/Library/Frameworks/AddressBook.framework; sourceTree = SDKROOT; };
		3BA6DCF1C9144EA2A10470F8 /* CDVWKWebViewEngine.m */ = {isa = PBXFileReference; explicitFileType = undefined; fileEncoding = 4; includeInIndex = 0; lastKnownFileType = sourcecode.c.objc; name = CDVWKWebViewEngine.m; path = "cordova-plugin-ionic-webview/CDVWKWebViewEngine.m"; sourceTree = "<group>"; };
		3FD423C3619C45FAB48159E5 /* CDVDevice.m */ = {isa = PBXFileReference; explicitFileType = undefined; fileEncoding = 4; includeInIndex = 0; lastKnownFileType = sourcecode.c.objc; name = CDVDevice.m; path = "cordova-plugin-device/CDVDevice.m"; sourceTree = "<group>"; };
		4311BCD9ED264FDA851707F5 /* Protobuf.framework */ = {isa = PBXFileReference; explicitFileType = undefined; fileEncoding = 9; includeInIndex = 0; lastKnownFileType = wrapper.framework; name = Protobuf.framework; path = "MSBC/Plugins/cordova-plugin-firebase/Protobuf.framework"; sourceTree = "<group>"; };
		44D1CC994A9942B29F53DD45 /* WebKit.framework */ = {isa = PBXFileReference; explicitFileType = undefined; fileEncoding = 9; includeInIndex = 0; lastKnownFileType = wrapper.framework; name = WebKit.framework; path = System/Library/Frameworks/WebKit.framework; sourceTree = SDKROOT; };
		45CB393B515D481DB39CF5D4 /* GCDWebServerResponse.m */ = {isa = PBXFileReference; explicitFileType = undefined; fileEncoding = 4; includeInIndex = 0; lastKnownFileType = sourcecode.c.objc; name = GCDWebServerResponse.m; path = "cordova-plugin-ionic-webview/GCDWebServerResponse.m"; sourceTree = "<group>"; };
		4600271B460D45BB803ABB45 /* CDVLocation.h */ = {isa = PBXFileReference; explicitFileType = undefined; fileEncoding = 4; includeInIndex = 0; lastKnownFileType = sourcecode.c.h; name = CDVLocation.h; path = "cordova-plugin-geolocation/CDVLocation.h"; sourceTree = "<group>"; };
		46AFF1FF91FE4DB1885429D9 /* RequestLocationAccuracy.m */ = {isa = PBXFileReference; explicitFileType = undefined; fileEncoding = 4; includeInIndex = 0; lastKnownFileType = sourcecode.c.objc; name = RequestLocationAccuracy.m; path = "cordova-plugin-request-location-accuracy/RequestLocationAccuracy.m"; sourceTree = "<group>"; };
		4713AD6C972B4D4F9438DEF2 /* FirebaseCoreDiagnostics.framework */ = {isa = PBXFileReference; explicitFileType = undefined; fileEncoding = 9; includeInIndex = 0; lastKnownFileType = wrapper.framework; name = FirebaseCoreDiagnostics.framework; path = "MSBC/Plugins/cordova-plugin-firebase/FirebaseCoreDiagnostics.framework"; sourceTree = "<group>"; };
		49CD4A8CEE864DECA7259433 /* PSPDFThreadSafeMutableDictionary.m */ = {isa = PBXFileReference; explicitFileType = undefined; fileEncoding = 4; includeInIndex = 0; lastKnownFileType = sourcecode.c.objc; name = PSPDFThreadSafeMutableDictionary.m; path = "cordova-sqlite-storage/PSPDFThreadSafeMutableDictionary.m"; sourceTree = "<group>"; };
		4B6F67EDAD0448E2AA9C459E /* GCDWebServerFunctions.m */ = {isa = PBXFileReference; explicitFileType = undefined; fileEncoding = 4; includeInIndex = 0; lastKnownFileType = sourcecode.c.objc; name = GCDWebServerFunctions.m; path = "cordova-plugin-ionic-webview/GCDWebServerFunctions.m"; sourceTree = "<group>"; };
		4C61728CB1A44619BB58E99C /* libz.tbd */ = {isa = PBXFileReference; explicitFileType = undefined; fileEncoding = 9; includeInIndex = 0; lastKnownFileType = "sourcecode.text-based-dylib-definition"; name = libz.tbd; path = usr/lib/libz.tbd; sourceTree = SDKROOT; };
		4DCB6572A3794A69AEE5CFB5 /* GCDWebServerFileResponse.h */ = {isa = PBXFileReference; explicitFileType = undefined; fileEncoding = 4; includeInIndex = 0; lastKnownFileType = sourcecode.c.h; name = GCDWebServerFileResponse.h; path = "cordova-plugin-ionic-webview/GCDWebServerFileResponse.h"; sourceTree = "<group>"; };
		59AA54A149F74F12A6EF04C9 /* CDVJpegHeaderWriter.m */ = {isa = PBXFileReference; explicitFileType = undefined; fileEncoding = 4; includeInIndex = 0; lastKnownFileType = sourcecode.c.objc; name = CDVJpegHeaderWriter.m; path = "cordova-plugin-camera/CDVJpegHeaderWriter.m"; sourceTree = "<group>"; };
		634FAC82BF23493BBAF168CE /* CDVCamera.m */ = {isa = PBXFileReference; explicitFileType = undefined; fileEncoding = 4; includeInIndex = 0; lastKnownFileType = sourcecode.c.objc; name = CDVCamera.m; path = "cordova-plugin-camera/CDVCamera.m"; sourceTree = "<group>"; };
		649B29D252B4491EA3FC61DF /* CDVWKWebViewEngine.h */ = {isa = PBXFileReference; explicitFileType = undefined; fileEncoding = 4; includeInIndex = 0; lastKnownFileType = sourcecode.c.h; name = CDVWKWebViewEngine.h; path = "cordova-plugin-ionic-webview/CDVWKWebViewEngine.h"; sourceTree = "<group>"; };
		6584375561494086963A542C /* FirebaseNanoPB.framework */ = {isa = PBXFileReference; explicitFileType = undefined; fileEncoding = 9; includeInIndex = 0; lastKnownFileType = wrapper.framework; name = FirebaseNanoPB.framework; path = "MSBC/Plugins/cordova-plugin-firebase/FirebaseNanoPB.framework"; sourceTree = "<group>"; };
		671E062B7B7D4C18B75ACB21 /* Diagnostic_Microphone.h */ = {isa = PBXFileReference; explicitFileType = undefined; fileEncoding = 4; includeInIndex = 0; lastKnownFileType = sourcecode.c.h; name = Diagnostic_Microphone.h; path = cordova.plugins.diagnostic/Diagnostic_Microphone.h; sourceTree = "<group>"; };
		67209E6E571B4A1282A33CE8 /* Firebase.h */ = {isa = PBXFileReference; explicitFileType = undefined; fileEncoding = 4; includeInIndex = 0; lastKnownFileType = sourcecode.c.h; name = Firebase.h; path = "cordova-plugin-firebase/Firebase.h"; sourceTree = "<group>"; };
		6ADE17A5A98545D588902237 /* AVFoundation.framework */ = {isa = PBXFileReference; explicitFileType = undefined; fileEncoding = 9; includeInIndex = 0; lastKnownFileType = wrapper.framework; name = AVFoundation.framework; path = System/Library/Frameworks/AVFoundation.framework; sourceTree = SDKROOT; };
		6AFF5BF81D6E424B00AB3073 /* CDVLaunchScreen.storyboard */ = {isa = PBXFileReference; fileEncoding = 4; lastKnownFileType = file.storyboard; name = CDVLaunchScreen.storyboard; path = MSBC/CDVLaunchScreen.storyboard; sourceTree = SOURCE_ROOT; };
		6D6CD31598F046BDA50ABBB5 /* Fabric.framework */ = {isa = PBXFileReference; explicitFileType = undefined; fileEncoding = 9; includeInIndex = 0; lastKnownFileType = wrapper.framework; name = Fabric.framework; path = "MSBC/Plugins/cordova-plugin-firebase/Fabric.framework"; sourceTree = "<group>"; };
		6D72DCDCCD4A41EA81B92B6F /* AppDelegate+FirebasePlugin.h */ = {isa = PBXFileReference; explicitFileType = undefined; fileEncoding = 4; includeInIndex = 0; lastKnownFileType = sourcecode.c.h; name = "AppDelegate+FirebasePlugin.h"; path = "cordova-plugin-firebase/AppDelegate+FirebasePlugin.h"; sourceTree = "<group>"; };
		6DA681210D1A472D8A1A0CBF /* UIImage+CropScaleOrientation.m */ = {isa = PBXFileReference; explicitFileType = undefined; fileEncoding = 4; includeInIndex = 0; lastKnownFileType = sourcecode.c.objc; name = "UIImage+CropScaleOrientation.m"; path = "cordova-plugin-camera/UIImage+CropScaleOrientation.m"; sourceTree = "<group>"; };
		6F46B71433C74306B4CB9495 /* CDVIonicKeyboard.m */ = {isa = PBXFileReference; explicitFileType = undefined; fileEncoding = 4; includeInIndex = 0; lastKnownFileType = sourcecode.c.objc; name = CDVIonicKeyboard.m; path = "cordova-plugin-ionic-keyboard/CDVIonicKeyboard.m"; sourceTree = "<group>"; };
		71D8356422CB45839A25DC56 /* Diagnostic_Calendar.m */ = {isa = PBXFileReference; explicitFileType = undefined; fileEncoding = 4; includeInIndex = 0; lastKnownFileType = sourcecode.c.objc; name = Diagnostic_Calendar.m; path = cordova.plugins.diagnostic/Diagnostic_Calendar.m; sourceTree = "<group>"; };
		727BD5269E7F4DC6B21CF407 /* Crashlytics.framework */ = {isa = PBXFileReference; explicitFileType = undefined; fileEncoding = 9; includeInIndex = 0; lastKnownFileType = wrapper.framework; name = Crashlytics.framework; path = "MSBC/Plugins/cordova-plugin-firebase/Crashlytics.framework"; sourceTree = "<group>"; };
		73F1D69E0B0E48509D13A542 /* RequestLocationAccuracy.h */ = {isa = PBXFileReference; explicitFileType = undefined; fileEncoding = 4; includeInIndex = 0; lastKnownFileType = sourcecode.c.h; name = RequestLocationAccuracy.h; path = "cordova-plugin-request-location-accuracy/RequestLocationAccuracy.h"; sourceTree = "<group>"; };
		765EC1AB46384D63A4F7DB21 /* Diagnostic_Bluetooth.h */ = {isa = PBXFileReference; explicitFileType = undefined; fileEncoding = 4; includeInIndex = 0; lastKnownFileType = sourcecode.c.h; name = Diagnostic_Bluetooth.h; path = cordova.plugins.diagnostic/Diagnostic_Bluetooth.h; sourceTree = "<group>"; };
		76E06E9A7D2A49E6AB901DA4 /* FirebaseMessaging.framework */ = {isa = PBXFileReference; explicitFileType = undefined; fileEncoding = 9; includeInIndex = 0; lastKnownFileType = wrapper.framework; name = FirebaseMessaging.framework; path = "MSBC/Plugins/cordova-plugin-firebase/FirebaseMessaging.framework"; sourceTree = "<group>"; };
		77271CD3F1604FD2B4CACC19 /* Diagnostic_Bluetooth.m */ = {isa = PBXFileReference; explicitFileType = undefined; fileEncoding = 4; includeInIndex = 0; lastKnownFileType = sourcecode.c.objc; name = Diagnostic_Bluetooth.m; path = cordova.plugins.diagnostic/Diagnostic_Bluetooth.m; sourceTree = "<group>"; };
		7757FB5C8F69476688693B31 /* Diagnostic_Reminders.h */ = {isa = PBXFileReference; explicitFileType = undefined; fileEncoding = 4; includeInIndex = 0; lastKnownFileType = sourcecode.c.h; name = Diagnostic_Reminders.h; path = cordova.plugins.diagnostic/Diagnostic_Reminders.h; sourceTree = "<group>"; };
		7913311671154D19971295A2 /* SQLitePlugin.h */ = {isa = PBXFileReference; explicitFileType = undefined; fileEncoding = 4; includeInIndex = 0; lastKnownFileType = sourcecode.c.h; name = SQLitePlugin.h; path = "cordova-sqlite-storage/SQLitePlugin.h"; sourceTree = "<group>"; };
		79ED68573FF4493F813A868F /* Diagnostic_Reminders.m */ = {isa = PBXFileReference; explicitFileType = undefined; fileEncoding = 4; includeInIndex = 0; lastKnownFileType = sourcecode.c.objc; name = Diagnostic_Reminders.m; path = cordova.plugins.diagnostic/Diagnostic_Reminders.m; sourceTree = "<group>"; };
		84C4C6BBB35340DDBA2212A7 /* GCDWebServerStreamedResponse.m */ = {isa = PBXFileReference; explicitFileType = undefined; fileEncoding = 4; includeInIndex = 0; lastKnownFileType = sourcecode.c.objc; name = GCDWebServerStreamedResponse.m; path = "cordova-plugin-ionic-webview/GCDWebServerStreamedResponse.m"; sourceTree = "<group>"; };
		8541C412719B486782919EC1 /* nanopb.framework */ = {isa = PBXFileReference; explicitFileType = undefined; fileEncoding = 9; includeInIndex = 0; lastKnownFileType = wrapper.framework; name = nanopb.framework; path = "MSBC/Plugins/cordova-plugin-firebase/nanopb.framework"; sourceTree = "<group>"; };
		897155814E7C4C529B49033C /* FirebaseABTesting.framework */ = {isa = PBXFileReference; explicitFileType = undefined; fileEncoding = 9; includeInIndex = 0; lastKnownFileType = wrapper.framework; name = FirebaseABTesting.framework; path = "MSBC/Plugins/cordova-plugin-firebase/FirebaseABTesting.framework"; sourceTree = "<group>"; };
		8A1F227589FC4C79A41E980E /* CDVSplashScreen.h */ = {isa = PBXFileReference; explicitFileType = undefined; fileEncoding = 4; includeInIndex = 0; lastKnownFileType = sourcecode.c.h; name = CDVSplashScreen.h; path = "cordova-plugin-splashscreen/CDVSplashScreen.h"; sourceTree = "<group>"; };
		8AE1FF819BEC4C09B9DE6088 /* CDVLocation.m */ = {isa = PBXFileReference; explicitFileType = undefined; fileEncoding = 4; includeInIndex = 0; lastKnownFileType = sourcecode.c.objc; name = CDVLocation.m; path = "cordova-plugin-geolocation/CDVLocation.m"; sourceTree = "<group>"; };
		8D1107310486CEB800E47090 /* MSBC-Info.plist */ = {isa = PBXFileReference; fileEncoding = 4; lastKnownFileType = text.plist.xml; name = "MSBC-Info.plist"; path = "MSBC/MSBC-Info.plist"; plistStructureDefinitionIdentifier = "com.apple.xcode.plist.structure-definition.iphone.info-plist"; sourceTree = SOURCE_ROOT; };
		8F7A898E75A346BEBB820ACF /* FirebaseAuth.framework */ = {isa = PBXFileReference; explicitFileType = undefined; fileEncoding = 9; includeInIndex = 0; lastKnownFileType = wrapper.framework; name = FirebaseAuth.framework; path = "MSBC/Plugins/cordova-plugin-firebase/FirebaseAuth.framework"; sourceTree = "<group>"; };
		90B58DA3307543229E68036D /* Diagnostic.m */ = {isa = PBXFileReference; explicitFileType = undefined; fileEncoding = 4; includeInIndex = 0; lastKnownFileType = sourcecode.c.objc; name = Diagnostic.m; path = cordova.plugins.diagnostic/Diagnostic.m; sourceTree = "<group>"; };
		92017EAE925D410096938D15 /* Diagnostic_Wifi.m */ = {isa = PBXFileReference; explicitFileType = undefined; fileEncoding = 4; includeInIndex = 0; lastKnownFileType = sourcecode.c.objc; name = Diagnostic_Wifi.m; path = cordova.plugins.diagnostic/Diagnostic_Wifi.m; sourceTree = "<group>"; };
		92616409EDFE4955A53D6BAE /* GCDWebServerConnection.m */ = {isa = PBXFileReference; explicitFileType = undefined; fileEncoding = 4; includeInIndex = 0; lastKnownFileType = sourcecode.c.objc; name = GCDWebServerConnection.m; path = "cordova-plugin-ionic-webview/GCDWebServerConnection.m"; sourceTree = "<group>"; };
		95400825F67942589FA2AD63 /* Diagnostic_Location.h */ = {isa = PBXFileReference; explicitFileType = undefined; fileEncoding = 4; includeInIndex = 0; lastKnownFileType = sourcecode.c.h; name = Diagnostic_Location.h; path = cordova.plugins.diagnostic/Diagnostic_Location.h; sourceTree = "<group>"; };
		9673D3132BAC4CE6994160E2 /* CDVCamera.h */ = {isa = PBXFileReference; explicitFileType = undefined; fileEncoding = 4; includeInIndex = 0; lastKnownFileType = sourcecode.c.h; name = CDVCamera.h; path = "cordova-plugin-camera/CDVCamera.h"; sourceTree = "<group>"; };
		971B73244868431A8D5D2ED5 /* GCDWebServer.h */ = {isa = PBXFileReference; explicitFileType = undefined; fileEncoding = 4; includeInIndex = 0; lastKnownFileType = sourcecode.c.h; name = GCDWebServer.h; path = "cordova-plugin-ionic-webview/GCDWebServer.h"; sourceTree = "<group>"; };
		973363BA6792442090D2E8FC /* CDVIonicKeyboard.h */ = {isa = PBXFileReference; explicitFileType = undefined; fileEncoding = 4; includeInIndex = 0; lastKnownFileType = sourcecode.c.h; name = CDVIonicKeyboard.h; path = "cordova-plugin-ionic-keyboard/CDVIonicKeyboard.h"; sourceTree = "<group>"; };
		99079D3464C742C18EA5DE38 /* AppDelegate+FirebasePlugin.m */ = {isa = PBXFileReference; explicitFileType = undefined; fileEncoding = 4; includeInIndex = 0; lastKnownFileType = sourcecode.c.objc; name = "AppDelegate+FirebasePlugin.m"; path = "cordova-plugin-firebase/AppDelegate+FirebasePlugin.m"; sourceTree = "<group>"; };
		9D8E3E75FE5C430880A2FFBD /* CoreLocation.framework */ = {isa = PBXFileReference; explicitFileType = undefined; fileEncoding = 9; includeInIndex = 0; lastKnownFileType = wrapper.framework; name = CoreLocation.framework; path = System/Library/Frameworks/CoreLocation.framework; sourceTree = SDKROOT; };
		A4DABAAA0BF143878057DB7E /* Diagnostic_Contacts.h */ = {isa = PBXFileReference; explicitFileType = undefined; fileEncoding = 4; includeInIndex = 0; lastKnownFileType = sourcecode.c.h; name = Diagnostic_Contacts.h; path = cordova.plugins.diagnostic/Diagnostic_Contacts.h; sourceTree = "<group>"; };
		A5833545C00F423F85E1BF07 /* CDVDevice.h */ = {isa = PBXFileReference; explicitFileType = undefined; fileEncoding = 4; includeInIndex = 0; lastKnownFileType = sourcecode.c.h; name = CDVDevice.h; path = "cordova-plugin-device/CDVDevice.h"; sourceTree = "<group>"; };
		A710C34235984FD09D6B3469 /* CDVWKWebViewUIDelegate.m */ = {isa = PBXFileReference; explicitFileType = undefined; fileEncoding = 4; includeInIndex = 0; lastKnownFileType = sourcecode.c.objc; name = CDVWKWebViewUIDelegate.m; path = "cordova-plugin-ionic-webview/CDVWKWebViewUIDelegate.m"; sourceTree = "<group>"; };
		A9F33A0E9EAA4BD4A7AE012B /* ImageIO.framework */ = {isa = PBXFileReference; explicitFileType = undefined; fileEncoding = 9; includeInIndex = 0; lastKnownFileType = wrapper.framework; name = ImageIO.framework; path = System/Library/Frameworks/ImageIO.framework; sourceTree = SDKROOT; };
		AD1FD7F5AF144AC0A0E4D7AD /* Diagnostic_Notifications.h */ = {isa = PBXFileReference; explicitFileType = undefined; fileEncoding = 4; includeInIndex = 0; lastKnownFileType = sourcecode.c.h; name = Diagnostic_Notifications.h; path = cordova.plugins.diagnostic/Diagnostic_Notifications.h; sourceTree = "<group>"; };
		B01B3CB98D6F445DA79A78D6 /* EventKit.framework */ = {isa = PBXFileReference; explicitFileType = undefined; fileEncoding = 9; includeInIndex = 0; lastKnownFileType = wrapper.framework; name = EventKit.framework; path = System/Library/Frameworks/EventKit.framework; sourceTree = SDKROOT; };
		B1A910823F564077A2683CDA /* GCDWebServerDataRequest.m */ = {isa = PBXFileReference; explicitFileType = undefined; fileEncoding = 4; includeInIndex = 0; lastKnownFileType = sourcecode.c.objc; name = GCDWebServerDataRequest.m; path = "cordova-plugin-ionic-webview/GCDWebServerDataRequest.m"; sourceTree = "<group>"; };
		B781C5A8A44E49E6993EACC8 /* Diagnostic_Contacts.m */ = {isa = PBXFileReference; explicitFileType = undefined; fileEncoding = 4; includeInIndex = 0; lastKnownFileType = sourcecode.c.objc; name = Diagnostic_Contacts.m; path = cordova.plugins.diagnostic/Diagnostic_Contacts.m; sourceTree = "<group>"; };
		B782DCD36A3A45B5BEBB8DB8 /* GCDWebServerMultiPartFormRequest.m */ = {isa = PBXFileReference; explicitFileType = undefined; fileEncoding = 4; includeInIndex = 0; lastKnownFileType = sourcecode.c.objc; name = GCDWebServerMultiPartFormRequest.m; path = "cordova-plugin-ionic-webview/GCDWebServerMultiPartFormRequest.m"; sourceTree = "<group>"; };
		BAC1A06F252A491AB98A32AF /* GCDWebServerFileRequest.m */ = {isa = PBXFileReference; explicitFileType = undefined; fileEncoding = 4; includeInIndex = 0; lastKnownFileType = sourcecode.c.objc; name = GCDWebServerFileRequest.m; path = "cordova-plugin-ionic-webview/GCDWebServerFileRequest.m"; sourceTree = "<group>"; };
		BDAECED3B84A415997019490 /* Diagnostic_Location.m */ = {isa = PBXFileReference; explicitFileType = undefined; fileEncoding = 4; includeInIndex = 0; lastKnownFileType = sourcecode.c.objc; name = Diagnostic_Location.m; path = cordova.plugins.diagnostic/Diagnostic_Location.m; sourceTree = "<group>"; };
		C4C07B0855ED4EEC8E827769 /* FirebaseMethodSwizzler.framework */ = {isa = PBXFileReference; explicitFileType = undefined; fileEncoding = 9; includeInIndex = 0; lastKnownFileType = wrapper.framework; name = FirebaseMethodSwizzler.framework; path = "MSBC/Plugins/cordova-plugin-firebase/FirebaseMethodSwizzler.framework"; sourceTree = "<group>"; };
		C5225446FB9A409E96532A56 /* GCDWebServerFunctions.h */ = {isa = PBXFileReference; explicitFileType = undefined; fileEncoding = 4; includeInIndex = 0; lastKnownFileType = sourcecode.c.h; name = GCDWebServerFunctions.h; path = "cordova-plugin-ionic-webview/GCDWebServerFunctions.h"; sourceTree = "<group>"; };
		C52BEFE0FDEA436DAAB68899 /* Contacts.framework */ = {isa = PBXFileReference; explicitFileType = undefined; fileEncoding = 9; includeInIndex = 0; lastKnownFileType = wrapper.framework; name = Contacts.framework; path = System/Library/Frameworks/Contacts.framework; sourceTree = SDKROOT; };
		C7F5EA1CDBD8457489A982C8 /* Diagnostic_Camera.m */ = {isa = PBXFileReference; explicitFileType = undefined; fileEncoding = 4; includeInIndex = 0; lastKnownFileType = sourcecode.c.objc; name = Diagnostic_Camera.m; path = cordova.plugins.diagnostic/Diagnostic_Camera.m; sourceTree = "<group>"; };
		CB1E65E2D0024358A84016C2 /* CoreMotion.framework */ = {isa = PBXFileReference; explicitFileType = undefined; fileEncoding = 9; includeInIndex = 0; lastKnownFileType = wrapper.framework; name = CoreMotion.framework; path = System/Library/Frameworks/CoreMotion.framework; sourceTree = SDKROOT; };
		CFF1797EAD184F99B0340A75 /* GCDWebServerHTTPStatusCodes.h */ = {isa = PBXFileReference; explicitFileType = undefined; fileEncoding = 4; includeInIndex = 0; lastKnownFileType = sourcecode.c.h; name = GCDWebServerHTTPStatusCodes.h; path = "cordova-plugin-ionic-webview/GCDWebServerHTTPStatusCodes.h"; sourceTree = "<group>"; };
		D4A9C9FCCA314CB98176CABB /* CoreBluetooth.framework */ = {isa = PBXFileReference; explicitFileType = undefined; fileEncoding = 9; includeInIndex = 0; lastKnownFileType = wrapper.framework; name = CoreBluetooth.framework; path = System/Library/Frameworks/CoreBluetooth.framework; sourceTree = SDKROOT; };
		D55A916C6AF24843897C5DD0 /* GCDWebServer.m */ = {isa = PBXFileReference; explicitFileType = undefined; fileEncoding = 4; includeInIndex = 0; lastKnownFileType = sourcecode.c.objc; name = GCDWebServer.m; path = "cordova-plugin-ionic-webview/GCDWebServer.m"; sourceTree = "<group>"; };
		D66F13A660DD4E1498D408FA /* UserNotifications.framework */ = {isa = PBXFileReference; explicitFileType = undefined; fileEncoding = 9; includeInIndex = 0; lastKnownFileType = wrapper.framework; name = UserNotifications.framework; path = System/Library/Frameworks/UserNotifications.framework; sourceTree = SDKROOT; };
		DA4929B7E67F4BFF8F2A06AD /* CDVViewController+SplashScreen.m */ = {isa = PBXFileReference; explicitFileType = undefined; fileEncoding = 4; includeInIndex = 0; lastKnownFileType = sourcecode.c.objc; name = "CDVViewController+SplashScreen.m"; path = "cordova-plugin-splashscreen/CDVViewController+SplashScreen.m"; sourceTree = "<group>"; };
		DBF5314A5519436AAE89B5DC /* sqlite3.c */ = {isa = PBXFileReference; explicitFileType = undefined; fileEncoding = 9; includeInIndex = 0; lastKnownFileType = unknown; name = sqlite3.c; path = "cordova-sqlite-storage/sqlite3.c"; sourceTree = "<group>"; };
		DC055FA2AD5F4F9CA045D8AA /* Diagnostic_Motion.h */ = {isa = PBXFileReference; explicitFileType = undefined; fileEncoding = 4; includeInIndex = 0; lastKnownFileType = sourcecode.c.h; name = Diagnostic_Motion.h; path = cordova.plugins.diagnostic/Diagnostic_Motion.h; sourceTree = "<group>"; };
		DD1FBC00093B45FFBB62AFB0 /* CDVWKProcessPoolFactory.m */ = {isa = PBXFileReference; explicitFileType = undefined; fileEncoding = 4; includeInIndex = 0; lastKnownFileType = sourcecode.c.objc; name = CDVWKProcessPoolFactory.m; path = "cordova-plugin-ionic-webview/CDVWKProcessPoolFactory.m"; sourceTree = "<group>"; };
		DD982C9A044B423685B67F38 /* Diagnostic_Motion.m */ = {isa = PBXFileReference; explicitFileType = undefined; fileEncoding = 4; includeInIndex = 0; lastKnownFileType = sourcecode.c.objc; name = Diagnostic_Motion.m; path = cordova.plugins.diagnostic/Diagnostic_Motion.m; sourceTree = "<group>"; };
		E06C036EEFD643C48F3CDB82 /* CDVWKWebViewUIDelegate.h */ = {isa = PBXFileReference; explicitFileType = undefined; fileEncoding = 4; includeInIndex = 0; lastKnownFileType = sourcecode.c.h; name = CDVWKWebViewUIDelegate.h; path = "cordova-plugin-ionic-webview/CDVWKWebViewUIDelegate.h"; sourceTree = "<group>"; };
		E1811739A2F3474CA02059BA /* FirebasePerformance.framework */ = {isa = PBXFileReference; explicitFileType = undefined; fileEncoding = 9; includeInIndex = 0; lastKnownFileType = wrapper.framework; name = FirebasePerformance.framework; path = "MSBC/Plugins/cordova-plugin-firebase/FirebasePerformance.framework"; sourceTree = "<group>"; };
		E21455F6B9FF44B6ACD9164F /* GCDWebServerConnection.h */ = {isa = PBXFileReference; explicitFileType = undefined; fileEncoding = 4; includeInIndex = 0; lastKnownFileType = sourcecode.c.h; name = GCDWebServerConnection.h; path = "cordova-plugin-ionic-webview/GCDWebServerConnection.h"; sourceTree = "<group>"; };
		E4E288EF324D4B9A8788A399 /* GCDWebServerURLEncodedFormRequest.h */ = {isa = PBXFileReference; explicitFileType = undefined; fileEncoding = 4; includeInIndex = 0; lastKnownFileType = sourcecode.c.h; name = GCDWebServerURLEncodedFormRequest.h; path = "cordova-plugin-ionic-webview/GCDWebServerURLEncodedFormRequest.h"; sourceTree = "<group>"; };
		E9558E3B22D344A2AFE7C542 /* CDVWKProcessPoolFactory.h */ = {isa = PBXFileReference; explicitFileType = undefined; fileEncoding = 4; includeInIndex = 0; lastKnownFileType = sourcecode.c.h; name = CDVWKProcessPoolFactory.h; path = "cordova-plugin-ionic-webview/CDVWKProcessPoolFactory.h"; sourceTree = "<group>"; };
		E9638CA4261B4B5CBD70B042 /* PSPDFThreadSafeMutableDictionary.h */ = {isa = PBXFileReference; explicitFileType = undefined; fileEncoding = 4; includeInIndex = 0; lastKnownFileType = sourcecode.c.h; name = PSPDFThreadSafeMutableDictionary.h; path = "cordova-sqlite-storage/PSPDFThreadSafeMutableDictionary.h"; sourceTree = "<group>"; };
		EB87FDF31871DA8E0020F90C /* www */ = {isa = PBXFileReference; lastKnownFileType = folder; name = www; path = ../../www; sourceTree = "<group>"; };
		EB87FDF41871DAF40020F90C /* config.xml */ = {isa = PBXFileReference; lastKnownFileType = text.xml; name = config.xml; path = ../../config.xml; sourceTree = "<group>"; };
		ED33DF2A687741AEAF9F8254 /* Bridging-Header.h */ = {isa = PBXFileReference; fileEncoding = 4; lastKnownFileType = sourcecode.c.h; path = "Bridging-Header.h"; sourceTree = "<group>"; };
		EDC3F75882C54B53A14569D9 /* FirebaseISASwizzler.framework */ = {isa = PBXFileReference; explicitFileType = undefined; fileEncoding = 9; includeInIndex = 0; lastKnownFileType = wrapper.framework; name = FirebaseISASwizzler.framework; path = "MSBC/Plugins/cordova-plugin-firebase/FirebaseISASwizzler.framework"; sourceTree = "<group>"; };
		F03563EC8D274BC5B74FFD1D /* FirebaseCore.framework */ = {isa = PBXFileReference; explicitFileType = undefined; fileEncoding = 9; includeInIndex = 0; lastKnownFileType = wrapper.framework; name = FirebaseCore.framework; path = "MSBC/Plugins/cordova-plugin-firebase/FirebaseCore.framework"; sourceTree = "<group>"; };
		F3F80E8AABF24C5DA2B4E307 /* GCDWebServerFileResponse.m */ = {isa = PBXFileReference; explicitFileType = undefined; fileEncoding = 4; includeInIndex = 0; lastKnownFileType = sourcecode.c.objc; name = GCDWebServerFileResponse.m; path = "cordova-plugin-ionic-webview/GCDWebServerFileResponse.m"; sourceTree = "<group>"; };
		F82719A488214CFAB74950B5 /* SQLitePlugin.m */ = {isa = PBXFileReference; explicitFileType = undefined; fileEncoding = 4; includeInIndex = 0; lastKnownFileType = sourcecode.c.objc; name = SQLitePlugin.m; path = "cordova-sqlite-storage/SQLitePlugin.m"; sourceTree = "<group>"; };
		F8338E8743914E2D840970E1 /* Diagnostic_Notifications.m */ = {isa = PBXFileReference; explicitFileType = undefined; fileEncoding = 4; includeInIndex = 0; lastKnownFileType = sourcecode.c.objc; name = Diagnostic_Notifications.m; path = cordova.plugins.diagnostic/Diagnostic_Notifications.m; sourceTree = "<group>"; };
		F840E1F0165FE0F500CFE078 /* config.xml */ = {isa = PBXFileReference; lastKnownFileType = text.xml; name = config.xml; path = MSBC/config.xml; sourceTree = "<group>"; };
		F9760DB58CFF4DA8867CC9B0 /* CDVViewController+SplashScreen.h */ = {isa = PBXFileReference; explicitFileType = undefined; fileEncoding = 4; includeInIndex = 0; lastKnownFileType = sourcecode.c.h; name = "CDVViewController+SplashScreen.h"; path = "cordova-plugin-splashscreen/CDVViewController+SplashScreen.h"; sourceTree = "<group>"; };
		F980CCB1C7FD406E8A50E781 /* GCDWebServerDataRequest.h */ = {isa = PBXFileReference; explicitFileType = undefined; fileEncoding = 4; includeInIndex = 0; lastKnownFileType = sourcecode.c.h; name = GCDWebServerDataRequest.h; path = "cordova-plugin-ionic-webview/GCDWebServerDataRequest.h"; sourceTree = "<group>"; };
		FC403422C90B4ACF91AD6673 /* GCDWebServerDataResponse.m */ = {isa = PBXFileReference; explicitFileType = undefined; fileEncoding = 4; includeInIndex = 0; lastKnownFileType = sourcecode.c.objc; name = GCDWebServerDataResponse.m; path = "cordova-plugin-ionic-webview/GCDWebServerDataResponse.m"; sourceTree = "<group>"; };
		FE69F839EE584C969315D904 /* FirebaseAnalytics.framework */ = {isa = PBXFileReference; explicitFileType = undefined; fileEncoding = 9; includeInIndex = 0; lastKnownFileType = wrapper.framework; name = FirebaseAnalytics.framework; path = "MSBC/Plugins/cordova-plugin-firebase/FirebaseAnalytics.framework"; sourceTree = "<group>"; };
/* End PBXFileReference section */

/* Begin PBXFrameworksBuildPhase section */
		1D60588F0D05DD3D006BFB54 /* Frameworks */ = {
			isa = PBXFrameworksBuildPhase;
			buildActionMask = 2147483647;
			files = (
				301BF552109A68D80062928A /* libCordova.a in Frameworks */,
				F98378950B8048BF9E00663F /* ImageIO.framework in Frameworks */,
				481F494F3B9943839747BC65 /* CoreLocation.framework in Frameworks */,
				A9BC04F8C5664845936FD663 /* AVFoundation.framework in Frameworks */,
				12531950AF354246B0FE8E96 /* FirebaseAnalytics.framework in Frameworks */,
				51610BF18F764A508471D0D9 /* FirebaseCore.framework in Frameworks */,
				5EAAB64AF2A74E5FB76956D5 /* FirebaseCoreDiagnostics.framework in Frameworks */,
				7D5D31F500A747288BAECD68 /* FirebaseInstanceID.framework in Frameworks */,
				933A477B521A4329AA27A8D7 /* FirebaseNanoPB.framework in Frameworks */,
				6F8D6E6259584C6989FC968F /* GoogleToolboxForMac.framework in Frameworks */,
				933ECD753FDA4AA8A7261697 /* nanopb.framework in Frameworks */,
				794DC81DF64A4C9FBEACF825 /* Protobuf.framework in Frameworks */,
				9A9DF538E2E74D30B94817DF /* FirebaseMessaging.framework in Frameworks */,
				7C4EDA44FD28451796251158 /* Fabric.framework in Frameworks */,
				33E859E18B254837A2A2412D /* Crashlytics.framework in Frameworks */,
				5C3E9D29FFE942FA9EA42ABB /* FirebaseRemoteConfig.framework in Frameworks */,
				C526D8B40DFB44F794D6EBFC /* FirebaseABTesting.framework in Frameworks */,
				7D56F87ADBA340CB96A551BB /* FirebaseAuth.framework in Frameworks */,
				27C1690F2B9245F584B958CB /* GTMSessionFetcher.framework in Frameworks */,
				08C7034E9AB44499AFA7BC11 /* FirebasePerformance.framework in Frameworks */,
				8E050A58E05A4A1CB1420DBF /* FirebaseISASwizzler.framework in Frameworks */,
				9D69CDF799F44E858E12C9EC /* FirebaseMethodSwizzler.framework in Frameworks */,
				27FE2B3E1D6E488A9EE21A0A /* WebKit.framework in Frameworks */,
				CB3022DA01804C7EBAD6F561 /* libz.tbd in Frameworks */,
				7F89EB6BA7A34E018A124D43 /* CoreBluetooth.framework in Frameworks */,
				D6F03D2AC21949E0AAC21776 /* Photos.framework in Frameworks */,
				F3899E01B0D7497B988DB385 /* UserNotifications.framework in Frameworks */,
				145E2E7D096C443FBF5F99B0 /* Contacts.framework in Frameworks */,
				C84DF811DA444D7DBCA644A5 /* AddressBook.framework in Frameworks */,
				B69C3BDFB6594E6EA355A59C /* EventKit.framework in Frameworks */,
				BA9DDAB07C4D468E9C4F8F7D /* CoreMotion.framework in Frameworks */,
			);
			runOnlyForDeploymentPostprocessing = 0;
		};
/* End PBXFrameworksBuildPhase section */

/* Begin PBXGroup section */
		080E96DDFE201D6D7F000001 /* Classes */ = {
			isa = PBXGroup;
			children = (
				302D95EE14D2391D003F00A1 /* MainViewController.h */,
				302D95EF14D2391D003F00A1 /* MainViewController.m */,
				302D95F014D2391D003F00A1 /* MainViewController.xib */,
				1D3623240D0F684500981E51 /* AppDelegate.h */,
				1D3623250D0F684500981E51 /* AppDelegate.m */,
			);
			name = Classes;
			path = MSBC/Classes;
			sourceTree = SOURCE_ROOT;
		};
		19C28FACFE9D520D11CA2CBB /* Products */ = {
			isa = PBXGroup;
			children = (
				1D6058910D05DD3D006BFB54 /* MSBC.app */,
			);
			name = Products;
			sourceTree = "<group>";
		};
		29B97314FDCFA39411CA2CEA /* CustomTemplate */ = {
			isa = PBXGroup;
			children = (
				EB87FDF41871DAF40020F90C /* config.xml */,
				EB87FDF31871DA8E0020F90C /* www */,
				EB87FDF11871DA420020F90C /* Staging */,
				301BF52D109A57CC0062928A /* CordovaLib/CordovaLib.xcodeproj */,
				080E96DDFE201D6D7F000001 /* Classes */,
				307C750510C5A3420062BCA9 /* Plugins */,
				29B97315FDCFA39411CA2CEA /* Other Sources */,
				29B97317FDCFA39411CA2CEA /* Resources */,
				29B97323FDCFA39411CA2CEA /* Frameworks */,
				19C28FACFE9D520D11CA2CBB /* Products */,
			);
			name = CustomTemplate;
			sourceTree = "<group>";
		};
		29B97315FDCFA39411CA2CEA /* Other Sources */ = {
			isa = PBXGroup;
			children = (
				32CA4F630368D1EE00C91783 /* MSBC-Prefix.pch */,
				29B97316FDCFA39411CA2CEA /* main.m */,
				ED33DF2A687741AEAF9F8254 /* Bridging-Header.h */,
			);
			name = "Other Sources";
			path = MSBC;
			sourceTree = "<group>";
		};
		29B97317FDCFA39411CA2CEA /* Resources */ = {
			isa = PBXGroup;
			children = (
				0207DA571B56EA530066E2B4 /* Images.xcassets */,
				3047A50E1AB8057F00498E2A /* config */,
				8D1107310486CEB800E47090 /* MSBC-Info.plist */,
				6AFF5BF81D6E424B00AB3073 /* CDVLaunchScreen.storyboard */,
				0A69B772232B4397BB5DBAED /* GoogleService-Info.plist */,
			);
			name = Resources;
			path = MSBC/Resources;
			sourceTree = "<group>";
		};
		29B97323FDCFA39411CA2CEA /* Frameworks */ = {
			isa = PBXGroup;
			children = (
				A9F33A0E9EAA4BD4A7AE012B /* ImageIO.framework */,
				9D8E3E75FE5C430880A2FFBD /* CoreLocation.framework */,
				6ADE17A5A98545D588902237 /* AVFoundation.framework */,
				FE69F839EE584C969315D904 /* FirebaseAnalytics.framework */,
				F03563EC8D274BC5B74FFD1D /* FirebaseCore.framework */,
				4713AD6C972B4D4F9438DEF2 /* FirebaseCoreDiagnostics.framework */,
				08C79E329D134097AA6D58DC /* FirebaseInstanceID.framework */,
				6584375561494086963A542C /* FirebaseNanoPB.framework */,
				072702BD28F449E4B96C6998 /* GoogleToolboxForMac.framework */,
				8541C412719B486782919EC1 /* nanopb.framework */,
				4311BCD9ED264FDA851707F5 /* Protobuf.framework */,
				76E06E9A7D2A49E6AB901DA4 /* FirebaseMessaging.framework */,
				6D6CD31598F046BDA50ABBB5 /* Fabric.framework */,
				727BD5269E7F4DC6B21CF407 /* Crashlytics.framework */,
				37F970970452439BB74C1034 /* FirebaseRemoteConfig.framework */,
				897155814E7C4C529B49033C /* FirebaseABTesting.framework */,
				8F7A898E75A346BEBB820ACF /* FirebaseAuth.framework */,
				259662FA298F45A6AC9AAF6E /* GTMSessionFetcher.framework */,
				E1811739A2F3474CA02059BA /* FirebasePerformance.framework */,
				EDC3F75882C54B53A14569D9 /* FirebaseISASwizzler.framework */,
				C4C07B0855ED4EEC8E827769 /* FirebaseMethodSwizzler.framework */,
				44D1CC994A9942B29F53DD45 /* WebKit.framework */,
				4C61728CB1A44619BB58E99C /* libz.tbd */,
				D4A9C9FCCA314CB98176CABB /* CoreBluetooth.framework */,
				266596D0DC724BA1AD830E29 /* Photos.framework */,
				D66F13A660DD4E1498D408FA /* UserNotifications.framework */,
				C52BEFE0FDEA436DAAB68899 /* Contacts.framework */,
				3A8837405A1A4A6991A4304B /* AddressBook.framework */,
				B01B3CB98D6F445DA79A78D6 /* EventKit.framework */,
				CB1E65E2D0024358A84016C2 /* CoreMotion.framework */,
			);
			name = Frameworks;
			sourceTree = "<group>";
		};
		301BF52E109A57CC0062928A /* Products */ = {
			isa = PBXGroup;
			children = (
				301BF535109A57CC0062928A /* libCordova.a */,
				9A75BFBA2204EAEC007FCBFE /* Cordova.framework */,
			);
			name = Products;
			sourceTree = "<group>";
		};
		3047A50E1AB8057F00498E2A /* config */ = {
			isa = PBXGroup;
			children = (
				3047A50F1AB8059700498E2A /* build-debug.xcconfig */,
				3047A5101AB8059700498E2A /* build-release.xcconfig */,
				3047A5111AB8059700498E2A /* build.xcconfig */,
			);
			name = config;
			sourceTree = "<group>";
		};
		307C750510C5A3420062BCA9 /* Plugins */ = {
			isa = PBXGroup;
			children = (
				6DA681210D1A472D8A1A0CBF /* UIImage+CropScaleOrientation.m */,
				634FAC82BF23493BBAF168CE /* CDVCamera.m */,
				59AA54A149F74F12A6EF04C9 /* CDVJpegHeaderWriter.m */,
				21A44F4E55D04B5A8EFF45FF /* UIImage+CropScaleOrientation.h */,
				9673D3132BAC4CE6994160E2 /* CDVCamera.h */,
				2C0BB9A8AD674A47BF138DD1 /* CDVJpegHeaderWriter.h */,
				25B56D04644D469B8411928D /* CDVExif.h */,
				3FD423C3619C45FAB48159E5 /* CDVDevice.m */,
				A5833545C00F423F85E1BF07 /* CDVDevice.h */,
				99079D3464C742C18EA5DE38 /* AppDelegate+FirebasePlugin.m */,
				1022F3B8BC8749228E92971A /* FirebasePlugin.m */,
				6D72DCDCCD4A41EA81B92B6F /* AppDelegate+FirebasePlugin.h */,
				022CA8E8B249407ABB9BC215 /* FirebasePlugin.h */,
				67209E6E571B4A1282A33CE8 /* Firebase.h */,
				8AE1FF819BEC4C09B9DE6088 /* CDVLocation.m */,
				4600271B460D45BB803ABB45 /* CDVLocation.h */,
				6F46B71433C74306B4CB9495 /* CDVIonicKeyboard.m */,
				973363BA6792442090D2E8FC /* CDVIonicKeyboard.h */,
				3BA6DCF1C9144EA2A10470F8 /* CDVWKWebViewEngine.m */,
				A710C34235984FD09D6B3469 /* CDVWKWebViewUIDelegate.m */,
				DD1FBC00093B45FFBB62AFB0 /* CDVWKProcessPoolFactory.m */,
				D55A916C6AF24843897C5DD0 /* GCDWebServer.m */,
				92616409EDFE4955A53D6BAE /* GCDWebServerConnection.m */,
				4B6F67EDAD0448E2AA9C459E /* GCDWebServerFunctions.m */,
				057E1A07615E46DFB13E09BF /* GCDWebServerRequest.m */,
				45CB393B515D481DB39CF5D4 /* GCDWebServerResponse.m */,
				B1A910823F564077A2683CDA /* GCDWebServerDataRequest.m */,
				BAC1A06F252A491AB98A32AF /* GCDWebServerFileRequest.m */,
				B782DCD36A3A45B5BEBB8DB8 /* GCDWebServerMultiPartFormRequest.m */,
				154E300C56E24DE1BD251621 /* GCDWebServerURLEncodedFormRequest.m */,
				FC403422C90B4ACF91AD6673 /* GCDWebServerDataResponse.m */,
				28F97775DA064ABF9904673D /* GCDWebServerErrorResponse.m */,
				F3F80E8AABF24C5DA2B4E307 /* GCDWebServerFileResponse.m */,
				84C4C6BBB35340DDBA2212A7 /* GCDWebServerStreamedResponse.m */,
				649B29D252B4491EA3FC61DF /* CDVWKWebViewEngine.h */,
				E06C036EEFD643C48F3CDB82 /* CDVWKWebViewUIDelegate.h */,
				E9558E3B22D344A2AFE7C542 /* CDVWKProcessPoolFactory.h */,
				971B73244868431A8D5D2ED5 /* GCDWebServer.h */,
				E21455F6B9FF44B6ACD9164F /* GCDWebServerConnection.h */,
				C5225446FB9A409E96532A56 /* GCDWebServerFunctions.h */,
				CFF1797EAD184F99B0340A75 /* GCDWebServerHTTPStatusCodes.h */,
				2F37A46DBD6848E78D55346F /* GCDWebServerPrivate.h */,
				2AB0207F9B7E44F099B42E4B /* GCDWebServerRequest.h */,
				0290A5BBF1C1488B8A76B19C /* GCDWebServerResponse.h */,
				F980CCB1C7FD406E8A50E781 /* GCDWebServerDataRequest.h */,
				27749D55B6B84B669368ED0C /* GCDWebServerFileRequest.h */,
				12D656E1A6B6449FB4206A41 /* GCDWebServerMultiPartFormRequest.h */,
				E4E288EF324D4B9A8788A399 /* GCDWebServerURLEncodedFormRequest.h */,
				23FBB01AC7DE4E81B03AF1F6 /* GCDWebServerDataResponse.h */,
				2BC708B8190F4848BE082EDE /* GCDWebServerErrorResponse.h */,
				4DCB6572A3794A69AEE5CFB5 /* GCDWebServerFileResponse.h */,
				1587535A6C5A4838AB77C417 /* GCDWebServerStreamedResponse.h */,
				46AFF1FF91FE4DB1885429D9 /* RequestLocationAccuracy.m */,
				73F1D69E0B0E48509D13A542 /* RequestLocationAccuracy.h */,
				17108AB9B87E40BA8A7A538F /* CDVSplashScreen.m */,
				DA4929B7E67F4BFF8F2A06AD /* CDVViewController+SplashScreen.m */,
				8A1F227589FC4C79A41E980E /* CDVSplashScreen.h */,
				F9760DB58CFF4DA8867CC9B0 /* CDVViewController+SplashScreen.h */,
				F82719A488214CFAB74950B5 /* SQLitePlugin.m */,
				49CD4A8CEE864DECA7259433 /* PSPDFThreadSafeMutableDictionary.m */,
				DBF5314A5519436AAE89B5DC /* sqlite3.c */,
				7913311671154D19971295A2 /* SQLitePlugin.h */,
				E9638CA4261B4B5CBD70B042 /* PSPDFThreadSafeMutableDictionary.h */,
				29C980DE69064277A17D7E50 /* sqlite3.h */,
				90B58DA3307543229E68036D /* Diagnostic.m */,
				BDAECED3B84A415997019490 /* Diagnostic_Location.m */,
				77271CD3F1604FD2B4CACC19 /* Diagnostic_Bluetooth.m */,
				92017EAE925D410096938D15 /* Diagnostic_Wifi.m */,
				C7F5EA1CDBD8457489A982C8 /* Diagnostic_Camera.m */,
				F8338E8743914E2D840970E1 /* Diagnostic_Notifications.m */,
				05C61A09753245EA8AFC23F0 /* Diagnostic_Microphone.m */,
				B781C5A8A44E49E6993EACC8 /* Diagnostic_Contacts.m */,
				71D8356422CB45839A25DC56 /* Diagnostic_Calendar.m */,
				79ED68573FF4493F813A868F /* Diagnostic_Reminders.m */,
				DD982C9A044B423685B67F38 /* Diagnostic_Motion.m */,
				0BE1AFD3E23849978F88DE0D /* Diagnostic.h */,
				95400825F67942589FA2AD63 /* Diagnostic_Location.h */,
				765EC1AB46384D63A4F7DB21 /* Diagnostic_Bluetooth.h */,
				05924F1D6BF2415EAAC66858 /* Diagnostic_Wifi.h */,
				2CFD79754834458986929FD1 /* Diagnostic_Camera.h */,
				AD1FD7F5AF144AC0A0E4D7AD /* Diagnostic_Notifications.h */,
				671E062B7B7D4C18B75ACB21 /* Diagnostic_Microphone.h */,
				A4DABAAA0BF143878057DB7E /* Diagnostic_Contacts.h */,
				2CF36AC376024F5CA2898E6D /* Diagnostic_Calendar.h */,
				7757FB5C8F69476688693B31 /* Diagnostic_Reminders.h */,
				DC055FA2AD5F4F9CA045D8AA /* Diagnostic_Motion.h */,
			);
			name = Plugins;
			path = MSBC/Plugins;
			sourceTree = SOURCE_ROOT;
		};
		EB87FDF11871DA420020F90C /* Staging */ = {
			isa = PBXGroup;
			children = (
				F840E1F0165FE0F500CFE078 /* config.xml */,
				301BF56E109A69640062928A /* www */,
			);
			name = Staging;
			sourceTree = "<group>";
		};
/* End PBXGroup section */

/* Begin PBXNativeTarget section */
		1D6058900D05DD3D006BFB54 /* MSBC */ = {
			isa = PBXNativeTarget;
			buildConfigurationList = 1D6058960D05DD3E006BFB54 /* Build configuration list for PBXNativeTarget "MSBC" */;
			buildPhases = (
				304B58A110DAC018002A0835 /* Copy www directory */,
				1D60588D0D05DD3D006BFB54 /* Resources */,
				1D60588E0D05DD3D006BFB54 /* Sources */,
				1D60588F0D05DD3D006BFB54 /* Frameworks */,
			);
			buildRules = (
			);
			dependencies = (
				301BF551109A68C00062928A /* PBXTargetDependency */,
			);
			name = MSBC;
			productName = MSBC;
			productReference = 1D6058910D05DD3D006BFB54 /* MSBC.app */;
			productType = "com.apple.product-type.application";
		};
/* End PBXNativeTarget section */

/* Begin PBXProject section */
		29B97313FDCFA39411CA2CEA /* Project object */ = {
			isa = PBXProject;
			attributes = {
				LastUpgradeCheck = 510;
				TargetAttributes = {
					1D6058900D05DD3D006BFB54 = {
						DevelopmentTeam = Z3849D3TUW;
						ProvisioningStyle = Automatic;
					};
				};
			};
			buildConfigurationList = C01FCF4E08A954540054247B /* Build configuration list for PBXProject "MSBC" */;
			compatibilityVersion = "Xcode 3.2";
			developmentRegion = English;
			hasScannedForEncodings = 1;
			knownRegions = (
				en,
			);
			mainGroup = 29B97314FDCFA39411CA2CEA /* CustomTemplate */;
			projectDirPath = "";
			projectReferences = (
				{
					ProductGroup = 301BF52E109A57CC0062928A /* Products */;
					ProjectRef = 301BF52D109A57CC0062928A /* CordovaLib/CordovaLib.xcodeproj */;
				},
			);
			projectRoot = "";
			targets = (
				1D6058900D05DD3D006BFB54 /* MSBC */,
			);
		};
/* End PBXProject section */

/* Begin PBXReferenceProxy section */
		301BF535109A57CC0062928A /* libCordova.a */ = {
			isa = PBXReferenceProxy;
			fileType = archive.ar;
			path = libCordova.a;
			remoteRef = 301BF534109A57CC0062928A /* PBXContainerItemProxy */;
			sourceTree = BUILT_PRODUCTS_DIR;
		};
		9A75BFBA2204EAEC007FCBFE /* Cordova.framework */ = {
			isa = PBXReferenceProxy;
			fileType = wrapper.framework;
			path = Cordova.framework;
			remoteRef = 9A75BFB92204EAEC007FCBFE /* PBXContainerItemProxy */;
			sourceTree = BUILT_PRODUCTS_DIR;
		};
/* End PBXReferenceProxy section */

/* Begin PBXResourcesBuildPhase section */
		1D60588D0D05DD3D006BFB54 /* Resources */ = {
			isa = PBXResourcesBuildPhase;
			buildActionMask = 2147483647;
			files = (
				302D95F214D2391D003F00A1 /* MainViewController.xib in Resources */,
				0207DA581B56EA530066E2B4 /* Images.xcassets in Resources */,
				6AFF5BF91D6E424B00AB3073 /* CDVLaunchScreen.storyboard in Resources */,
				741AE9326BE74B08A89C60A8 /* GoogleService-Info.plist in Resources */,
			);
			runOnlyForDeploymentPostprocessing = 0;
		};
/* End PBXResourcesBuildPhase section */

/* Begin PBXShellScriptBuildPhase section */
		304B58A110DAC018002A0835 /* Copy www directory */ = {
			isa = PBXShellScriptBuildPhase;
			buildActionMask = 2147483647;
			files = (
			);
			inputPaths = (
			);
			name = "Copy www directory";
			outputPaths = (
			);
			runOnlyForDeploymentPostprocessing = 0;
			shellPath = /bin/sh;
			shellScript = "NODEJS_PATH=/usr/local/bin; NVM_NODE_PATH=~/.nvm/versions/node/`nvm version 2>/dev/null`/bin; N_NODE_PATH=`find /usr/local/n/versions/node/* -maxdepth 0 -type d 2>/dev/null | tail -1`/bin; XCODE_NODE_PATH=`xcode-select --print-path`/usr/share/xcs/Node/bin; PATH=$NODEJS_PATH:$NVM_NODE_PATH:$N_NODE_PATH:$XCODE_NODE_PATH:$PATH && node cordova/lib/copy-www-build-step.js";
			showEnvVarsInLog = 0;
		};
/* End PBXShellScriptBuildPhase section */

/* Begin PBXSourcesBuildPhase section */
		1D60588E0D05DD3D006BFB54 /* Sources */ = {
			isa = PBXSourcesBuildPhase;
			buildActionMask = 2147483647;
			files = (
				1D60589B0D05DD56006BFB54 /* main.m in Sources */,
				1D3623260D0F684500981E51 /* AppDelegate.m in Sources */,
				302D95F114D2391D003F00A1 /* MainViewController.m in Sources */,
				C2EB896CD0E143DA994C0813 /* UIImage+CropScaleOrientation.m in Sources */,
				64C8D21BEAE54AF18FA10E01 /* CDVCamera.m in Sources */,
				0F7C263B04EC42D08BCFE49C /* CDVJpegHeaderWriter.m in Sources */,
				B782226986624F88BDF385FD /* CDVDevice.m in Sources */,
				C18B7DA366014A0EBF081E60 /* AppDelegate+FirebasePlugin.m in Sources */,
				18F329FDDB7B4A1FAD40DC68 /* FirebasePlugin.m in Sources */,
				A873D8DD29654B04BAA490A4 /* CDVLocation.m in Sources */,
				577E51C26544454698F816BB /* CDVIonicKeyboard.m in Sources */,
				F12C222FD41A406D96C16E9F /* CDVWKWebViewEngine.m in Sources */,
				40060B138F9E443797402B40 /* CDVWKWebViewUIDelegate.m in Sources */,
				C9F5772D446E4E939722CFB9 /* CDVWKProcessPoolFactory.m in Sources */,
				D9BBA4348EB6489795F9B213 /* GCDWebServer.m in Sources */,
				9AD4991071D24F1BA81719D4 /* GCDWebServerConnection.m in Sources */,
				DA69A4465AFB4ECD9321F7D7 /* GCDWebServerFunctions.m in Sources */,
				ECBE64BD57EE46E9B13569CE /* GCDWebServerRequest.m in Sources */,
				A932E06343BE4D2BAE55E551 /* GCDWebServerResponse.m in Sources */,
				9A36F6923CB14D94AF6A6501 /* GCDWebServerDataRequest.m in Sources */,
				151165C37D454CF3BFB76590 /* GCDWebServerFileRequest.m in Sources */,
				95DB3915AD1849EA87511E8F /* GCDWebServerMultiPartFormRequest.m in Sources */,
				349E5124F72445E589D55BFF /* GCDWebServerURLEncodedFormRequest.m in Sources */,
				9E2834D0DBBD45BAB04635DD /* GCDWebServerDataResponse.m in Sources */,
				732ABDCA11334B68BD91F03C /* GCDWebServerErrorResponse.m in Sources */,
				E048B566C69A4864A4D10973 /* GCDWebServerFileResponse.m in Sources */,
				858E0D23AB284E1EAB2A94A5 /* GCDWebServerStreamedResponse.m in Sources */,
				10C7A7E4A8094A56A6EA867A /* RequestLocationAccuracy.m in Sources */,
				AFA12D1901BD4C1FA4BDF321 /* CDVSplashScreen.m in Sources */,
				82D123541E6E47BBAD80AC91 /* CDVViewController+SplashScreen.m in Sources */,
				DDD6DE24B5164DB49FEB58AA /* SQLitePlugin.m in Sources */,
				CABFD596ADC5460E8DA39D6F /* PSPDFThreadSafeMutableDictionary.m in Sources */,
				246F79EA00A24919A27CBDFE /* sqlite3.c in Sources */,
				4A7FAC1E3E7443DBBB700119 /* Diagnostic.m in Sources */,
				D7CF6FAB14B4475F99A18F9A /* Diagnostic_Location.m in Sources */,
				65C38823E2AC4848A3041B4F /* Diagnostic_Bluetooth.m in Sources */,
				B3E32050F2784BBBBB9B7747 /* Diagnostic_Wifi.m in Sources */,
				C18CC097D48547B0AC397875 /* Diagnostic_Camera.m in Sources */,
				6FFCC56CFD314482BDEC9B93 /* Diagnostic_Notifications.m in Sources */,
				CC9B6DEE4A14474D85BF4B59 /* Diagnostic_Microphone.m in Sources */,
				40AC02A979A44D4CA8874E91 /* Diagnostic_Contacts.m in Sources */,
				60EC341677264CF897376628 /* Diagnostic_Calendar.m in Sources */,
				9E83E820CA564F79BAF8D5AE /* Diagnostic_Reminders.m in Sources */,
				C5657815E4BB4E358A1505E9 /* Diagnostic_Motion.m in Sources */,
			);
			runOnlyForDeploymentPostprocessing = 0;
		};
/* End PBXSourcesBuildPhase section */

/* Begin PBXTargetDependency section */
		301BF551109A68C00062928A /* PBXTargetDependency */ = {
			isa = PBXTargetDependency;
			name = CordovaLib;
			targetProxy = 301BF550109A68C00062928A /* PBXContainerItemProxy */;
		};
/* End PBXTargetDependency section */

/* Begin XCBuildConfiguration section */
		1D6058940D05DD3E006BFB54 /* Debug */ = {
			isa = XCBuildConfiguration;
			baseConfigurationReference = 3047A50F1AB8059700498E2A /* build-debug.xcconfig */;
			buildSettings = {
				ALWAYS_SEARCH_USER_PATHS = NO;
				ASSETCATALOG_COMPILER_APPICON_NAME = AppIcon;
				ASSETCATALOG_COMPILER_LAUNCHIMAGE_NAME = LaunchImage;
				CLANG_ENABLE_MODULES = YES;
				CLANG_ENABLE_OBJC_ARC = YES;
				CODE_SIGN_IDENTITY = "iPhone Developer";
				CODE_SIGN_STYLE = Automatic;
				COPY_PHASE_STRIP = NO;
				DEVELOPMENT_TEAM = Z3849D3TUW;
				FRAMEWORK_SEARCH_PATHS = (
					"$(inherited)",
					"\"MSBC/Plugins/cordova-plugin-firebase\"",
					"\"MSBC/Plugins/cordova-plugin-firebase\"",
					"\"MSBC/Plugins/cordova-plugin-firebase\"",
					"\"MSBC/Plugins/cordova-plugin-firebase\"",
					"\"MSBC/Plugins/cordova-plugin-firebase\"",
					"\"MSBC/Plugins/cordova-plugin-firebase\"",
					"\"MSBC/Plugins/cordova-plugin-firebase\"",
					"\"MSBC/Plugins/cordova-plugin-firebase\"",
					"\"MSBC/Plugins/cordova-plugin-firebase\"",
					"\"MSBC/Plugins/cordova-plugin-firebase\"",
					"\"MSBC/Plugins/cordova-plugin-firebase\"",
					"\"MSBC/Plugins/cordova-plugin-firebase\"",
					"\"MSBC/Plugins/cordova-plugin-firebase\"",
					"\"MSBC/Plugins/cordova-plugin-firebase\"",
					"\"MSBC/Plugins/cordova-plugin-firebase\"",
					"\"MSBC/Plugins/cordova-plugin-firebase\"",
					"\"MSBC/Plugins/cordova-plugin-firebase\"",
					"\"MSBC/Plugins/cordova-plugin-firebase\"",
				);
				GCC_DYNAMIC_NO_PIC = NO;
				GCC_OPTIMIZATION_LEVEL = 0;
				GCC_PRECOMPILE_PREFIX_HEADER = YES;
				GCC_PREFIX_HEADER = "MSBC/MSBC-Prefix.pch";
				GCC_THUMB_SUPPORT = NO;
				GCC_VERSION = "";
				INFOPLIST_FILE = "MSBC/MSBC-Info.plist";
				IPHONEOS_DEPLOYMENT_TARGET = 9.0;
				LD_RUNPATH_SEARCH_PATHS = "@executable_path/Frameworks";
				PRODUCT_NAME = MSBC;
				PROVISIONING_PROFILE_SPECIFIER = "";
				TARGETED_DEVICE_FAMILY = 1;
			};
			name = Debug;
		};
		1D6058950D05DD3E006BFB54 /* Release */ = {
			isa = XCBuildConfiguration;
			baseConfigurationReference = 3047A5101AB8059700498E2A /* build-release.xcconfig */;
			buildSettings = {
				ALWAYS_SEARCH_USER_PATHS = NO;
				ASSETCATALOG_COMPILER_APPICON_NAME = AppIcon;
				ASSETCATALOG_COMPILER_LAUNCHIMAGE_NAME = LaunchImage;
				CLANG_ENABLE_MODULES = YES;
				CLANG_ENABLE_OBJC_ARC = YES;
				CODE_SIGN_IDENTITY = "iPhone Developer";
				CODE_SIGN_STYLE = Automatic;
				COPY_PHASE_STRIP = YES;
				DEVELOPMENT_TEAM = Z3849D3TUW;
				FRAMEWORK_SEARCH_PATHS = (
					"$(inherited)",
					"\"MSBC/Plugins/cordova-plugin-firebase\"",
					"\"MSBC/Plugins/cordova-plugin-firebase\"",
					"\"MSBC/Plugins/cordova-plugin-firebase\"",
					"\"MSBC/Plugins/cordova-plugin-firebase\"",
					"\"MSBC/Plugins/cordova-plugin-firebase\"",
					"\"MSBC/Plugins/cordova-plugin-firebase\"",
					"\"MSBC/Plugins/cordova-plugin-firebase\"",
					"\"MSBC/Plugins/cordova-plugin-firebase\"",
					"\"MSBC/Plugins/cordova-plugin-firebase\"",
					"\"MSBC/Plugins/cordova-plugin-firebase\"",
					"\"MSBC/Plugins/cordova-plugin-firebase\"",
					"\"MSBC/Plugins/cordova-plugin-firebase\"",
					"\"MSBC/Plugins/cordova-plugin-firebase\"",
					"\"MSBC/Plugins/cordova-plugin-firebase\"",
					"\"MSBC/Plugins/cordova-plugin-firebase\"",
					"\"MSBC/Plugins/cordova-plugin-firebase\"",
					"\"MSBC/Plugins/cordova-plugin-firebase\"",
					"\"MSBC/Plugins/cordova-plugin-firebase\"",
				);
				GCC_PRECOMPILE_PREFIX_HEADER = YES;
				GCC_PREFIX_HEADER = "MSBC/MSBC-Prefix.pch";
				GCC_THUMB_SUPPORT = NO;
				GCC_VERSION = "";
				INFOPLIST_FILE = "MSBC/MSBC-Info.plist";
				IPHONEOS_DEPLOYMENT_TARGET = 9.0;
				LD_RUNPATH_SEARCH_PATHS = "@executable_path/Frameworks";
				PRODUCT_NAME = MSBC;
				PROVISIONING_PROFILE_SPECIFIER = "";
				TARGETED_DEVICE_FAMILY = 1;
			};
			name = Release;
		};
		C01FCF4F08A954540054247B /* Debug */ = {
			isa = XCBuildConfiguration;
			baseConfigurationReference = 3047A5111AB8059700498E2A /* build.xcconfig */;
			buildSettings = {
				CLANG_ENABLE_MODULES = YES;
				CLANG_ENABLE_OBJC_ARC = YES;
				CLANG_WARN_BOOL_CONVERSION = YES;
				CLANG_WARN_CONSTANT_CONVERSION = YES;
				CLANG_WARN_EMPTY_BODY = YES;
				CLANG_WARN_ENUM_CONVERSION = YES;
				CLANG_WARN_INT_CONVERSION = YES;
				CLANG_WARN__DUPLICATE_METHOD_MATCH = YES;
				GCC_C_LANGUAGE_STANDARD = c99;
				GCC_THUMB_SUPPORT = NO;
				GCC_VERSION = "";
				GCC_WARN_ABOUT_RETURN_TYPE = YES;
				GCC_WARN_UNDECLARED_SELECTOR = YES;
				GCC_WARN_UNINITIALIZED_AUTOS = YES;
				GCC_WARN_UNUSED_FUNCTION = YES;
				GCC_WARN_UNUSED_VARIABLE = YES;
				ONLY_ACTIVE_ARCH = YES;
				SDKROOT = iphoneos;
				SKIP_INSTALL = NO;
			};
			name = Debug;
		};
		C01FCF5008A954540054247B /* Release */ = {
			isa = XCBuildConfiguration;
			baseConfigurationReference = 3047A5111AB8059700498E2A /* build.xcconfig */;
			buildSettings = {
				CLANG_ENABLE_MODULES = YES;
				CLANG_ENABLE_OBJC_ARC = YES;
				CLANG_WARN_BOOL_CONVERSION = YES;
				CLANG_WARN_CONSTANT_CONVERSION = YES;
				CLANG_WARN_EMPTY_BODY = YES;
				CLANG_WARN_ENUM_CONVERSION = YES;
				CLANG_WARN_INT_CONVERSION = YES;
				CLANG_WARN__DUPLICATE_METHOD_MATCH = YES;
				GCC_C_LANGUAGE_STANDARD = c99;
				GCC_THUMB_SUPPORT = NO;
				GCC_VERSION = "";
				GCC_WARN_ABOUT_RETURN_TYPE = YES;
				GCC_WARN_UNDECLARED_SELECTOR = YES;
				GCC_WARN_UNINITIALIZED_AUTOS = YES;
				GCC_WARN_UNUSED_FUNCTION = YES;
				GCC_WARN_UNUSED_VARIABLE = YES;
				SDKROOT = iphoneos;
				SKIP_INSTALL = NO;
			};
			name = Release;
		};
/* End XCBuildConfiguration section */

/* Begin XCConfigurationList section */
		1D6058960D05DD3E006BFB54 /* Build configuration list for PBXNativeTarget "MSBC" */ = {
			isa = XCConfigurationList;
			buildConfigurations = (
				1D6058940D05DD3E006BFB54 /* Debug */,
				1D6058950D05DD3E006BFB54 /* Release */,
			);
			defaultConfigurationIsVisible = 0;
			defaultConfigurationName = Release;
		};
		C01FCF4E08A954540054247B /* Build configuration list for PBXProject "MSBC" */ = {
			isa = XCConfigurationList;
			buildConfigurations = (
				C01FCF4F08A954540054247B /* Debug */,
				C01FCF5008A954540054247B /* Release */,
			);
			defaultConfigurationIsVisible = 0;
			defaultConfigurationName = Release;
		};
/* End XCConfigurationList section */
	};
	rootObject = 29B97313FDCFA39411CA2CEA /* Project object */;
}
